
Microsoft Visual Studio Solution File, Format Version 12.00
# Visual Studio 14
VisualStudioVersion = 14.0.24720.0
MinimumVisualStudioVersion = 10.0.40219.1
Project("{2150E333-8FDC-42A3-9474-1A3956D46DE8}") = "StockingGuide", "StockingGuide", "{24CF28EA-76A4-43E7-A990-52F376EDB606}"
EndProject
Project("{2150E333-8FDC-42A3-9474-1A3956D46DE8}") = "Hosting", "Hosting", "{1CC14151-A887-456C-BD2E-C7E5D735058C}"
EndProject
Project("{2150E333-8FDC-42A3-9474-1A3956D46DE8}") = "UnitTests", "UnitTests", "{932FBA21-A64E-4388-9900-7CC8A7AC3429}"
EndProject
Project("{FAE04EC0-301F-11D3-BF4B-00C04F79EFBC}") = "Vincontrol.Data", "vincontrol.Data\Vincontrol.Data.csproj", "{7D76E800-C9D8-407A-8844-A775EE6D5A65}"
EndProject
Project("{FAE04EC0-301F-11D3-BF4B-00C04F79EFBC}") = "Vincontrol.Services", "vincontrol.Services\Vincontrol.Services.csproj", "{D84D89E0-2E26-4B99-AF70-A28A5B93AED1}"
EndProject
Project("{FAE04EC0-301F-11D3-BF4B-00C04F79EFBC}") = "Vincontrol.DataFeed", "vincontrol.DataFeed\Vincontrol.DataFeed.csproj", "{43B03EE3-6ADF-4FB2-BECC-F769ED49EC23}"
EndProject
Project("{FAE04EC0-301F-11D3-BF4B-00C04F79EFBC}") = "Vincontrol.Backend.Data", "vincontrol.Backend.Data\Vincontrol.Backend.Data.csproj", "{47C95BEB-99DA-4D93-94F6-0B4E5DB0FDD9}"
EndProject
Project("{FAE04EC0-301F-11D3-BF4B-00C04F79EFBC}") = "Vincontrol.Backend.Model", "vincontrol.Backend.Model\Vincontrol.Backend.Model.csproj", "{583FD08A-00A7-4992-B675-15C08E41BE28}"
EndProject
Project("{FAE04EC0-301F-11D3-BF4B-00C04F79EFBC}") = "Vincontrol.TaskScheduler", "vincontrol.TaskScheduler\Vincontrol.TaskScheduler.csproj", "{103BD6F6-0F5B-40B6-9B0B-68F7AADA6B39}"
EndProject
Project("{FAE04EC0-301F-11D3-BF4B-00C04F79EFBC}") = "Vincontrol.DataFeedService", "vincontrol.DataFeedService\Vincontrol.DataFeedService.csproj", "{AD1B1477-7095-45C0-84C0-F5154151D635}"
EndProject
Project("{FAE04EC0-301F-11D3-BF4B-00C04F79EFBC}") = "Vincontrol.Application", "vincontrol.Application\Vincontrol.Application.csproj", "{7F0F1443-BE02-4BAD-8E5C-34ADED92DCA3}"
EndProject
Project("{FAE04EC0-301F-11D3-BF4B-00C04F79EFBC}") = "Vincontrol.Business", "vincontrol.Business\Vincontrol.Business.csproj", "{B796B8D0-A47D-453F-973B-29702F6FFE29}"
EndProject
Project("{FAE04EC0-301F-11D3-BF4B-00C04F79EFBC}") = "Vincontrol.DomainObject", "vincontrol.DomainObject\Vincontrol.DomainObject.csproj", "{E5A9809F-55E2-4E2E-9696-48042DDF4305}"
EndProject
Project("{FAE04EC0-301F-11D3-BF4B-00C04F79EFBC}") = "Vincontrol.Security", "vincontrol.Security\Vincontrol.Security.csproj", "{16C8E4EB-09B7-45CD-957D-80E186BE9044}"
EndProject
Project("{FAE04EC0-301F-11D3-BF4B-00C04F79EFBC}") = "Vincontrol.Helper", "vincontrol.Helper\Vincontrol.Helper.csproj", "{9B02AFFB-392B-46D8-A75D-A0A5D521222C}"
EndProject
Project("{FAE04EC0-301F-11D3-BF4B-00C04F79EFBC}") = "Vincontrol.WPF.Helpers", "vincontrol.WPF.Helpers\Vincontrol.WPF.Helpers.csproj", "{3B0EB8B0-3B14-4D7E-B5E6-CFCB0364EF2B}"
EndProject
Project("{FAE04EC0-301F-11D3-BF4B-00C04F79EFBC}") = "Vincontrol.VinTrade", "vincontrol.VinTrade\Vincontrol.VinTrade.csproj", "{87BD529F-5918-46D6-ABA3-8CAFBE404AD0}"
EndProject
Project("{FAE04EC0-301F-11D3-BF4B-00C04F79EFBC}") = "Vincontrol.ChromeAutoService", "vincontrol.ChromeAutoService\Vincontrol.ChromeAutoService.csproj", "{23190B92-1F6D-429A-9876-821CA8E213CC}"
EndProject
Project("{FAE04EC0-301F-11D3-BF4B-00C04F79EFBC}") = "Vincontrol.DealerRaterService", "vincontrol.DealerRaterService\Vincontrol.DealerRaterService.csproj", "{93777CAD-211A-42F8-BE08-A3EFC8FF8E1E}"
EndProject
Project("{FAE04EC0-301F-11D3-BF4B-00C04F79EFBC}") = "Vincontrol.Constant", "vincontrol.Constant\Vincontrol.Constant.csproj", "{AD3324CA-2044-4C68-BE5D-CCB63AD12897}"
EndProject
Project("{FAE04EC0-301F-11D3-BF4B-00C04F79EFBC}") = "Vincontrol.CarFax", "vincontrol.CarFax\Vincontrol.CarFax.csproj", "{E5C5FBB2-88D1-4DC3-AE3A-4CA4E3E4C75E}"
EndProject
Project("{FAE04EC0-301F-11D3-BF4B-00C04F79EFBC}") = "Vincontrol.Manheim", "vincontrol.Manheim\Vincontrol.Manheim.csproj", "{0FAB8214-EFD2-43A2-9A93-4C79D3E7EE2D}"
EndProject
Project("{FAE04EC0-301F-11D3-BF4B-00C04F79EFBC}") = "Vincontrol.KBB", "vincontrol.KBB\Vincontrol.KBB.csproj", "{B1B5A625-8C49-48E1-87C7-63CF76FC4A1D}"
EndProject
Project("{FAE04EC0-301F-11D3-BF4B-00C04F79EFBC}") = "Vincontrol.ConfigurationManagement", "vincontrol.ConfigurationManagement\Vincontrol.ConfigurationManagement.csproj", "{EBCBF920-A03A-431F-A6ED-40210A37228E}"
EndProject
Project("{FAE04EC0-301F-11D3-BF4B-00C04F79EFBC}") = "Vincontrol.EmailHelper", "vincontrol.EmailHelper\Vincontrol.EmailHelper.csproj", "{B54C9C64-F5B1-4E8B-8F4E-D269FBD9CEF2}"
EndProject
Project("{FAE04EC0-301F-11D3-BF4B-00C04F79EFBC}") = "Vincontrol.PdfHelper", "vincontrol.PdfHelper\Vincontrol.PdfHelper.csproj", "{1572D91A-33F5-43F4-9E7B-8CC2A25414BB}"
EndProject
Project("{FAE04EC0-301F-11D3-BF4B-00C04F79EFBC}") = "Vincontrol.Market", "Vincontrol.Market\Vincontrol.Market.csproj", "{52A069CD-0EEC-45DA-AE66-B0B9BB58B1BF}"
EndProject
Project("{FAE04EC0-301F-11D3-BF4B-00C04F79EFBC}") = "Vincontrol.Web", "vincontrol.web\Vincontrol.Web.csproj", "{C7F5FC1D-6DF4-4D84-AB01-FD76A8687C7A}"
EndProject
Project("{FAE04EC0-301F-11D3-BF4B-00C04F79EFBC}") = "Vincontrol.Silverlight.NewLayout", "vincontrol.Silverlight.NewLayout\Vincontrol.Silverlight.NewLayout.csproj", "{A3BC906D-3187-4973-A18C-167D481DE0D5}"
EndProject
Project("{FAE04EC0-301F-11D3-BF4B-00C04F79EFBC}") = "Vincontrol.Crawler", "vincontrol.Crawler\Vincontrol.Crawler.csproj", "{48BDAF13-427E-43E7-AF7D-5DD3C7FB69CB}"
EndProject
Project("{FAE04EC0-301F-11D3-BF4B-00C04F79EFBC}") = "Vincontrol.Console.ChangeActivityTracking.Temp", "Vincontrol.Console.ChangeActivityTracking.Temp\Vincontrol.Console.ChangeActivityTracking.Temp.csproj", "{66E2832C-8594-4DDD-A710-247DC381F4F2}"
EndProject
Project("{FAE04EC0-301F-11D3-BF4B-00C04F79EFBC}") = "vincontrol.Models", "vincontrol.Models\vincontrol.Models.csproj", "{7D3F0524-0FF1-45D8-A83F-746544E30B5F}"
EndProject
Project("{FAE04EC0-301F-11D3-BF4B-00C04F79EFBC}") = "Vincontrol.Brochure", "Vincontrol.Brochure\Vincontrol.Brochure.csproj", "{1EEC2AF2-BA48-4ED8-84D6-09A7BB6A657B}"
EndProject
Project("{FAE04EC0-301F-11D3-BF4B-00C04F79EFBC}") = "vincontrol.StockingGuide.DataService", "vincontrol.StockingGuide\vincontrol.StockingGuide.DataService.csproj", "{C8EA26FD-1BD6-409C-8B0D-0086F7F03D98}"
EndProject
Project("{FAE04EC0-301F-11D3-BF4B-00C04F79EFBC}") = "vincontrol.StockingGuide.Repository", "vincontrol.StockingGuide.Repository\vincontrol.StockingGuide.Repository.csproj", "{2FF9C39B-CDFC-4024-962A-AB8EE0613316}"
EndProject
Project("{FAE04EC0-301F-11D3-BF4B-00C04F79EFBC}") = "vincontrol.StockingGuide.Process", "vincontrol.StockingGuide.Service\vincontrol.StockingGuide.Process.csproj", "{EE7D6E2D-0BDE-474A-9D55-793BAB74B85B}"
EndProject
Project("{FAE04EC0-301F-11D3-BF4B-00C04F79EFBC}") = "vincontrol.StockingGuide.Entity", "vincontrol.StockingGuide.Entity\vincontrol.StockingGuide.Entity.csproj", "{A1B6BD0C-0B9D-438D-8E7D-BF0BCB001673}"
EndProject
Project("{FAE04EC0-301F-11D3-BF4B-00C04F79EFBC}") = "vincontrol.StockingGuide.WindowService", "vincontrol.StockingGuide.WindowService\vincontrol.StockingGuide.WindowService.csproj", "{A7D6509E-2F8E-4B69-A5A5-BC3E65A6ECA7}"
EndProject
Project("{FAE04EC0-301F-11D3-BF4B-00C04F79EFBC}") = "vincontrol.StockingGuide.Common", "vincontrol.StockingGuide.Common\vincontrol.StockingGuide.Common.csproj", "{9E733EBD-792E-4A82-80D8-13F4ADCC0F96}"
EndProject
Project("{FAE04EC0-301F-11D3-BF4B-00C04F79EFBC}") = "vincontrol.StockingGuide.UnitTest", "vincontrol.StockingGuide.UnitTest\vincontrol.StockingGuide.UnitTest.csproj", "{5E44092B-811F-4C16-9FF9-CF5CCBA1ABA9}"
EndProject
Project("{FAE04EC0-301F-11D3-BF4B-00C04F79EFBC}") = "vincontrol.StockingGuide.Repository.UnitTest", "vincontrol.StockingGuide.Repository.UnitTest\vincontrol.StockingGuide.Repository.UnitTest.csproj", "{47A2310F-B8BF-4DB8-B145-BA412083331B}"
EndProject
Project("{FAE04EC0-301F-11D3-BF4B-00C04F79EFBC}") = "vincontrol.StockingGuide.DataService.Test", "vincontrol.StockingGuide.DataService.Test\vincontrol.StockingGuide.DataService.Test.csproj", "{F305C5D2-75FA-4A55-8E8D-37AF191791C0}"
EndProject
Project("{FAE04EC0-301F-11D3-BF4B-00C04F79EFBC}") = "VINControl.Craigslist", "VINControl.Craigslist\VINControl.Craigslist.csproj", "{910E1E5F-3DFF-4C11-9212-DFD0EAC391E4}"
EndProject
Project("{FAE04EC0-301F-11D3-BF4B-00C04F79EFBC}") = "vincontrol.WebAPI", "vincontrol.WebAPI\vincontrol.WebAPI.csproj", "{AED6057E-6C5C-4EFA-912A-07C2FE6D86E0}"
EndProject
Project("{FAE04EC0-301F-11D3-BF4B-00C04F79EFBC}") = "VINControl.CarMax", "VINControl.CarMax\VINControl.CarMax.csproj", "{63C2B28E-FAD5-46B5-BB4E-854BC5A1C47C}"
EndProject
Project("{FAE04EC0-301F-11D3-BF4B-00C04F79EFBC}") = "VINControl.TestConsole", "VINControl.TestConsole\VINControl.TestConsole.csproj", "{C2015087-D806-4835-8BCA-D7224843BA93}"
EndProject
Project("{FAE04EC0-301F-11D3-BF4B-00C04F79EFBC}") = "VINControl.TruckTrader", "VINControl.TruckTrader\VINControl.TruckTrader.csproj", "{BF6286CA-6AD4-497D-A109-5179E45F8DB1}"
EndProject
Project("{FAE04EC0-301F-11D3-BF4B-00C04F79EFBC}") = "VINControl.WebHelper", "VINControl.WebHelper\VINControl.WebHelper.csproj", "{DE83730E-04AD-4391-9EB9-74D6A2960179}"
EndProject
Project("{FAE04EC0-301F-11D3-BF4B-00C04F79EFBC}") = "Vincontrol.Vinsell.DesktopVersion", "Vincontrol.Vinsell.DesktopVersion\Vincontrol.Vinsell.DesktopVersion.csproj", "{48017860-9E82-45FC-B702-2EA0951F7DE8}"
EndProject
Project("{FAE04EC0-301F-11D3-BF4B-00C04F79EFBC}") = "VINControl.Logging", "VINControl.Logging\VINControl.Logging.csproj", "{87134A09-6832-4C77-9CAE-01E9F1AABBCF}"
EndProject
Project("{FAE04EC0-301F-11D3-BF4B-00C04F79EFBC}") = "Vincontrol.Payment", "Vincontrol.Payment\Vincontrol.Payment.csproj", "{DB1DA1D7-44B1-4F02-9CA1-D97FA57D1FB5}"
EndProject
Project("{FAE04EC0-301F-11D3-BF4B-00C04F79EFBC}") = "Vincontrol.Vinsell.WindesktopVersion", "Vincontrol.Vinsell.WindesktopVersion\Vincontrol.Vinsell.WindesktopVersion.csproj", "{8F6A88E6-2314-4785-8BD6-08E319A8009F}"
EndProject
Project("{FAE04EC0-301F-11D3-BF4B-00C04F79EFBC}") = "Vincontrol.Marketing", "Vincontrol.Marketing\Vincontrol.Marketing.csproj", "{D27B4024-D4B4-44F8-9CF8-877A9D20F4BD}"
EndProject
Project("{FAE04EC0-301F-11D3-BF4B-00C04F79EFBC}") = "Vincontrol.Vinsell.WPFLibrary", "Vincontrol.Vinsell.WPFLibrary\Vincontrol.Vinsell.WPFLibrary.csproj", "{A46B8BE5-1D8B-4582-B42B-A33886C66838}"
EndProject
Project("{FAE04EC0-301F-11D3-BF4B-00C04F79EFBC}") = "Vincontrol.Facebook", "..\NewVinControlMVC4\Vincontrol.Facebook\Vincontrol.Facebook.csproj", "{5E8C87E8-EE9D-4694-9B8D-D8886281A056}"
EndProject
Project("{FAE04EC0-301F-11D3-BF4B-00C04F79EFBC}") = "VINControl.Video", "VINControl.Video\VINControl.Video.csproj", "{CC41FC6A-9F23-4644-AF8E-271C5459CBE8}"
EndProject
Project("{FAE04EC0-301F-11D3-BF4B-00C04F79EFBC}") = "VINControl.VideoService", "VINControl.VideoService\VINControl.VideoService.csproj", "{DC27135A-382E-4E79-AF94-FA70A0315FCC}"
EndProject
Project("{FAE04EC0-301F-11D3-BF4B-00C04F79EFBC}") = "Vincontrol.Youtube", "..\NewVinControlMVC4\Vincontrol.Youtube\Vincontrol.Youtube.csproj", "{373A2555-8BBC-48F6-9C70-AE8753E8F103}"
EndProject
Project("{FAE04EC0-301F-11D3-BF4B-00C04F79EFBC}") = "vincontrol.VinSell", "vincontrol.VinSell\vincontrol.VinSell.csproj", "{831A1A12-2345-4D40-8935-B3F412D9753E}"
EndProject
Project("{FAE04EC0-301F-11D3-BF4B-00C04F79EFBC}") = "VINControl.ExcelHelper", "VINControl.ExcelHelper\VINControl.ExcelHelper.csproj", "{2F9920B4-706B-4E6B-B2C5-A6CCA9878462}"
EndProject
Project("{FAE04EC0-301F-11D3-BF4B-00C04F79EFBC}") = "VINControl.ImageHelper", "VINControl.ImageHelper\VINControl.ImageHelper.csproj", "{912B482F-C891-42E6-BF35-F4524AC859CE}"
EndProject
Project("{FAE04EC0-301F-11D3-BF4B-00C04F79EFBC}") = "VINControl.Canon", "VINControl.Canon\VINControl.Canon.csproj", "{BF5D6FD8-4EEB-4A56-A5C0-7439C4B128D3}"
EndProject
Project("{FAE04EC0-301F-11D3-BF4B-00C04F79EFBC}") = "VINCapture.UploadImage", "VINCapture.UploadImage\VINCapture.UploadImage.csproj", "{E244A9A4-C89F-4834-A5F4-F5B97F915309}"
EndProject
Project("{FAE04EC0-301F-11D3-BF4B-00C04F79EFBC}") = "VINCONTROL.Services.Business", "..\NewVINCONTROL.Services\VINCONTROL.Services.Business\VINCONTROL.Services.Business.csproj", "{EACFC4A8-015D-4400-9C3F-629F15FD443A}"
EndProject
Project("{FAE04EC0-301F-11D3-BF4B-00C04F79EFBC}") = "VINCONTROL.Services.Model", "..\NewVINCONTROL.Services\VINCONTROL.Services.Model\VINCONTROL.Services.Model.csproj", "{3EA3B900-4446-4E93-AF85-90CD261D40D1}"
EndProject
Global
	GlobalSection(SolutionConfigurationPlatforms) = preSolution
		Debug|Any CPU = Debug|Any CPU
		Debug|Mixed Platforms = Debug|Mixed Platforms
		Debug|x86 = Debug|x86
		Release|Any CPU = Release|Any CPU
		Release|Mixed Platforms = Release|Mixed Platforms
		Release|x86 = Release|x86
	EndGlobalSection
	GlobalSection(ProjectConfigurationPlatforms) = postSolution
		{7D76E800-C9D8-407A-8844-A775EE6D5A65}.Debug|Any CPU.ActiveCfg = Debug|Any CPU
		{7D76E800-C9D8-407A-8844-A775EE6D5A65}.Debug|Any CPU.Build.0 = Debug|Any CPU
		{7D76E800-C9D8-407A-8844-A775EE6D5A65}.Debug|Mixed Platforms.ActiveCfg = Debug|Any CPU
		{7D76E800-C9D8-407A-8844-A775EE6D5A65}.Debug|Mixed Platforms.Build.0 = Debug|Any CPU
		{7D76E800-C9D8-407A-8844-A775EE6D5A65}.Debug|x86.ActiveCfg = Debug|Any CPU
		{7D76E800-C9D8-407A-8844-A775EE6D5A65}.Release|Any CPU.ActiveCfg = Release|Any CPU
		{7D76E800-C9D8-407A-8844-A775EE6D5A65}.Release|Any CPU.Build.0 = Release|Any CPU
		{7D76E800-C9D8-407A-8844-A775EE6D5A65}.Release|Mixed Platforms.ActiveCfg = Release|Any CPU
		{7D76E800-C9D8-407A-8844-A775EE6D5A65}.Release|Mixed Platforms.Build.0 = Release|Any CPU
		{7D76E800-C9D8-407A-8844-A775EE6D5A65}.Release|x86.ActiveCfg = Release|Any CPU
		{D84D89E0-2E26-4B99-AF70-A28A5B93AED1}.Debug|Any CPU.ActiveCfg = Debug|Any CPU
		{D84D89E0-2E26-4B99-AF70-A28A5B93AED1}.Debug|Any CPU.Build.0 = Debug|Any CPU
		{D84D89E0-2E26-4B99-AF70-A28A5B93AED1}.Debug|Mixed Platforms.ActiveCfg = Debug|Any CPU
		{D84D89E0-2E26-4B99-AF70-A28A5B93AED1}.Debug|Mixed Platforms.Build.0 = Debug|Any CPU
		{D84D89E0-2E26-4B99-AF70-A28A5B93AED1}.Debug|x86.ActiveCfg = Debug|Any CPU
		{D84D89E0-2E26-4B99-AF70-A28A5B93AED1}.Release|Any CPU.ActiveCfg = Release|Any CPU
		{D84D89E0-2E26-4B99-AF70-A28A5B93AED1}.Release|Any CPU.Build.0 = Release|Any CPU
		{D84D89E0-2E26-4B99-AF70-A28A5B93AED1}.Release|Mixed Platforms.ActiveCfg = Release|Any CPU
		{D84D89E0-2E26-4B99-AF70-A28A5B93AED1}.Release|Mixed Platforms.Build.0 = Release|Any CPU
		{D84D89E0-2E26-4B99-AF70-A28A5B93AED1}.Release|x86.ActiveCfg = Release|Any CPU
		{43B03EE3-6ADF-4FB2-BECC-F769ED49EC23}.Debug|Any CPU.ActiveCfg = Debug|Any CPU
		{43B03EE3-6ADF-4FB2-BECC-F769ED49EC23}.Debug|Any CPU.Build.0 = Debug|Any CPU
		{43B03EE3-6ADF-4FB2-BECC-F769ED49EC23}.Debug|Mixed Platforms.ActiveCfg = Debug|Any CPU
		{43B03EE3-6ADF-4FB2-BECC-F769ED49EC23}.Debug|Mixed Platforms.Build.0 = Debug|Any CPU
		{43B03EE3-6ADF-4FB2-BECC-F769ED49EC23}.Debug|x86.ActiveCfg = Debug|Any CPU
		{43B03EE3-6ADF-4FB2-BECC-F769ED49EC23}.Release|Any CPU.ActiveCfg = Release|Any CPU
		{43B03EE3-6ADF-4FB2-BECC-F769ED49EC23}.Release|Any CPU.Build.0 = Release|Any CPU
		{43B03EE3-6ADF-4FB2-BECC-F769ED49EC23}.Release|Mixed Platforms.ActiveCfg = Release|Any CPU
		{43B03EE3-6ADF-4FB2-BECC-F769ED49EC23}.Release|Mixed Platforms.Build.0 = Release|Any CPU
		{43B03EE3-6ADF-4FB2-BECC-F769ED49EC23}.Release|x86.ActiveCfg = Release|Any CPU
		{47C95BEB-99DA-4D93-94F6-0B4E5DB0FDD9}.Debug|Any CPU.ActiveCfg = Debug|Any CPU
		{47C95BEB-99DA-4D93-94F6-0B4E5DB0FDD9}.Debug|Any CPU.Build.0 = Debug|Any CPU
		{47C95BEB-99DA-4D93-94F6-0B4E5DB0FDD9}.Debug|Mixed Platforms.ActiveCfg = Debug|Any CPU
		{47C95BEB-99DA-4D93-94F6-0B4E5DB0FDD9}.Debug|Mixed Platforms.Build.0 = Debug|Any CPU
		{47C95BEB-99DA-4D93-94F6-0B4E5DB0FDD9}.Debug|x86.ActiveCfg = Debug|Any CPU
		{47C95BEB-99DA-4D93-94F6-0B4E5DB0FDD9}.Release|Any CPU.ActiveCfg = Release|Any CPU
		{47C95BEB-99DA-4D93-94F6-0B4E5DB0FDD9}.Release|Any CPU.Build.0 = Release|Any CPU
		{47C95BEB-99DA-4D93-94F6-0B4E5DB0FDD9}.Release|Mixed Platforms.ActiveCfg = Release|Any CPU
		{47C95BEB-99DA-4D93-94F6-0B4E5DB0FDD9}.Release|Mixed Platforms.Build.0 = Release|Any CPU
		{47C95BEB-99DA-4D93-94F6-0B4E5DB0FDD9}.Release|x86.ActiveCfg = Release|Any CPU
		{583FD08A-00A7-4992-B675-15C08E41BE28}.Debug|Any CPU.ActiveCfg = Debug|Any CPU
		{583FD08A-00A7-4992-B675-15C08E41BE28}.Debug|Any CPU.Build.0 = Debug|Any CPU
		{583FD08A-00A7-4992-B675-15C08E41BE28}.Debug|Mixed Platforms.ActiveCfg = Debug|Any CPU
		{583FD08A-00A7-4992-B675-15C08E41BE28}.Debug|Mixed Platforms.Build.0 = Debug|Any CPU
		{583FD08A-00A7-4992-B675-15C08E41BE28}.Debug|x86.ActiveCfg = Debug|Any CPU
		{583FD08A-00A7-4992-B675-15C08E41BE28}.Release|Any CPU.ActiveCfg = Release|Any CPU
		{583FD08A-00A7-4992-B675-15C08E41BE28}.Release|Any CPU.Build.0 = Release|Any CPU
		{583FD08A-00A7-4992-B675-15C08E41BE28}.Release|Mixed Platforms.ActiveCfg = Release|Any CPU
		{583FD08A-00A7-4992-B675-15C08E41BE28}.Release|Mixed Platforms.Build.0 = Release|Any CPU
		{583FD08A-00A7-4992-B675-15C08E41BE28}.Release|x86.ActiveCfg = Release|Any CPU
		{103BD6F6-0F5B-40B6-9B0B-68F7AADA6B39}.Debug|Any CPU.ActiveCfg = Debug|Any CPU
		{103BD6F6-0F5B-40B6-9B0B-68F7AADA6B39}.Debug|Any CPU.Build.0 = Debug|Any CPU
		{103BD6F6-0F5B-40B6-9B0B-68F7AADA6B39}.Debug|Mixed Platforms.ActiveCfg = Debug|Any CPU
		{103BD6F6-0F5B-40B6-9B0B-68F7AADA6B39}.Debug|Mixed Platforms.Build.0 = Debug|Any CPU
		{103BD6F6-0F5B-40B6-9B0B-68F7AADA6B39}.Debug|x86.ActiveCfg = Debug|Any CPU
		{103BD6F6-0F5B-40B6-9B0B-68F7AADA6B39}.Release|Any CPU.ActiveCfg = Release|Any CPU
		{103BD6F6-0F5B-40B6-9B0B-68F7AADA6B39}.Release|Any CPU.Build.0 = Release|Any CPU
		{103BD6F6-0F5B-40B6-9B0B-68F7AADA6B39}.Release|Mixed Platforms.ActiveCfg = Release|Any CPU
		{103BD6F6-0F5B-40B6-9B0B-68F7AADA6B39}.Release|Mixed Platforms.Build.0 = Release|Any CPU
		{103BD6F6-0F5B-40B6-9B0B-68F7AADA6B39}.Release|x86.ActiveCfg = Release|Any CPU
		{AD1B1477-7095-45C0-84C0-F5154151D635}.Debug|Any CPU.ActiveCfg = Debug|x86
		{AD1B1477-7095-45C0-84C0-F5154151D635}.Debug|Any CPU.Build.0 = Debug|x86
		{AD1B1477-7095-45C0-84C0-F5154151D635}.Debug|Mixed Platforms.ActiveCfg = Debug|x86
		{AD1B1477-7095-45C0-84C0-F5154151D635}.Debug|Mixed Platforms.Build.0 = Debug|x86
		{AD1B1477-7095-45C0-84C0-F5154151D635}.Debug|x86.ActiveCfg = Debug|x86
		{AD1B1477-7095-45C0-84C0-F5154151D635}.Debug|x86.Build.0 = Debug|x86
		{AD1B1477-7095-45C0-84C0-F5154151D635}.Release|Any CPU.ActiveCfg = Release|x86
		{AD1B1477-7095-45C0-84C0-F5154151D635}.Release|Mixed Platforms.ActiveCfg = Release|x86
		{AD1B1477-7095-45C0-84C0-F5154151D635}.Release|Mixed Platforms.Build.0 = Release|x86
		{AD1B1477-7095-45C0-84C0-F5154151D635}.Release|x86.ActiveCfg = Release|x86
		{AD1B1477-7095-45C0-84C0-F5154151D635}.Release|x86.Build.0 = Release|x86
		{7F0F1443-BE02-4BAD-8E5C-34ADED92DCA3}.Debug|Any CPU.ActiveCfg = Debug|Any CPU
		{7F0F1443-BE02-4BAD-8E5C-34ADED92DCA3}.Debug|Any CPU.Build.0 = Debug|Any CPU
		{7F0F1443-BE02-4BAD-8E5C-34ADED92DCA3}.Debug|Mixed Platforms.ActiveCfg = Debug|Any CPU
		{7F0F1443-BE02-4BAD-8E5C-34ADED92DCA3}.Debug|Mixed Platforms.Build.0 = Debug|Any CPU
		{7F0F1443-BE02-4BAD-8E5C-34ADED92DCA3}.Debug|x86.ActiveCfg = Debug|Any CPU
		{7F0F1443-BE02-4BAD-8E5C-34ADED92DCA3}.Release|Any CPU.ActiveCfg = Release|Any CPU
		{7F0F1443-BE02-4BAD-8E5C-34ADED92DCA3}.Release|Any CPU.Build.0 = Release|Any CPU
		{7F0F1443-BE02-4BAD-8E5C-34ADED92DCA3}.Release|Mixed Platforms.ActiveCfg = Release|Any CPU
		{7F0F1443-BE02-4BAD-8E5C-34ADED92DCA3}.Release|Mixed Platforms.Build.0 = Release|Any CPU
		{7F0F1443-BE02-4BAD-8E5C-34ADED92DCA3}.Release|x86.ActiveCfg = Release|Any CPU
		{B796B8D0-A47D-453F-973B-29702F6FFE29}.Debug|Any CPU.ActiveCfg = Debug|Any CPU
		{B796B8D0-A47D-453F-973B-29702F6FFE29}.Debug|Any CPU.Build.0 = Debug|Any CPU
		{B796B8D0-A47D-453F-973B-29702F6FFE29}.Debug|Mixed Platforms.ActiveCfg = Debug|Any CPU
		{B796B8D0-A47D-453F-973B-29702F6FFE29}.Debug|Mixed Platforms.Build.0 = Debug|Any CPU
		{B796B8D0-A47D-453F-973B-29702F6FFE29}.Debug|x86.ActiveCfg = Debug|Any CPU
		{B796B8D0-A47D-453F-973B-29702F6FFE29}.Release|Any CPU.ActiveCfg = Release|Any CPU
		{B796B8D0-A47D-453F-973B-29702F6FFE29}.Release|Any CPU.Build.0 = Release|Any CPU
		{B796B8D0-A47D-453F-973B-29702F6FFE29}.Release|Mixed Platforms.ActiveCfg = Release|Any CPU
		{B796B8D0-A47D-453F-973B-29702F6FFE29}.Release|Mixed Platforms.Build.0 = Release|Any CPU
		{B796B8D0-A47D-453F-973B-29702F6FFE29}.Release|x86.ActiveCfg = Release|Any CPU
		{E5A9809F-55E2-4E2E-9696-48042DDF4305}.Debug|Any CPU.ActiveCfg = Debug|Any CPU
		{E5A9809F-55E2-4E2E-9696-48042DDF4305}.Debug|Any CPU.Build.0 = Debug|Any CPU
		{E5A9809F-55E2-4E2E-9696-48042DDF4305}.Debug|Mixed Platforms.ActiveCfg = Debug|Any CPU
		{E5A9809F-55E2-4E2E-9696-48042DDF4305}.Debug|Mixed Platforms.Build.0 = Debug|Any CPU
		{E5A9809F-55E2-4E2E-9696-48042DDF4305}.Debug|x86.ActiveCfg = Debug|Any CPU
		{E5A9809F-55E2-4E2E-9696-48042DDF4305}.Release|Any CPU.ActiveCfg = Release|Any CPU
		{E5A9809F-55E2-4E2E-9696-48042DDF4305}.Release|Any CPU.Build.0 = Release|Any CPU
		{E5A9809F-55E2-4E2E-9696-48042DDF4305}.Release|Mixed Platforms.ActiveCfg = Release|Any CPU
		{E5A9809F-55E2-4E2E-9696-48042DDF4305}.Release|Mixed Platforms.Build.0 = Release|Any CPU
		{E5A9809F-55E2-4E2E-9696-48042DDF4305}.Release|x86.ActiveCfg = Release|Any CPU
		{16C8E4EB-09B7-45CD-957D-80E186BE9044}.Debug|Any CPU.ActiveCfg = Debug|Any CPU
		{16C8E4EB-09B7-45CD-957D-80E186BE9044}.Debug|Any CPU.Build.0 = Debug|Any CPU
		{16C8E4EB-09B7-45CD-957D-80E186BE9044}.Debug|Mixed Platforms.ActiveCfg = Debug|Any CPU
		{16C8E4EB-09B7-45CD-957D-80E186BE9044}.Debug|Mixed Platforms.Build.0 = Debug|Any CPU
		{16C8E4EB-09B7-45CD-957D-80E186BE9044}.Debug|x86.ActiveCfg = Debug|Any CPU
		{16C8E4EB-09B7-45CD-957D-80E186BE9044}.Release|Any CPU.ActiveCfg = Release|Any CPU
		{16C8E4EB-09B7-45CD-957D-80E186BE9044}.Release|Any CPU.Build.0 = Release|Any CPU
		{16C8E4EB-09B7-45CD-957D-80E186BE9044}.Release|Mixed Platforms.ActiveCfg = Release|Any CPU
		{16C8E4EB-09B7-45CD-957D-80E186BE9044}.Release|Mixed Platforms.Build.0 = Release|Any CPU
		{16C8E4EB-09B7-45CD-957D-80E186BE9044}.Release|x86.ActiveCfg = Release|Any CPU
		{9B02AFFB-392B-46D8-A75D-A0A5D521222C}.Debug|Any CPU.ActiveCfg = Debug|Any CPU
		{9B02AFFB-392B-46D8-A75D-A0A5D521222C}.Debug|Any CPU.Build.0 = Debug|Any CPU
		{9B02AFFB-392B-46D8-A75D-A0A5D521222C}.Debug|Mixed Platforms.ActiveCfg = Debug|Any CPU
		{9B02AFFB-392B-46D8-A75D-A0A5D521222C}.Debug|Mixed Platforms.Build.0 = Debug|Any CPU
		{9B02AFFB-392B-46D8-A75D-A0A5D521222C}.Debug|x86.ActiveCfg = Debug|Any CPU
		{9B02AFFB-392B-46D8-A75D-A0A5D521222C}.Release|Any CPU.ActiveCfg = Release|Any CPU
		{9B02AFFB-392B-46D8-A75D-A0A5D521222C}.Release|Any CPU.Build.0 = Release|Any CPU
		{9B02AFFB-392B-46D8-A75D-A0A5D521222C}.Release|Mixed Platforms.ActiveCfg = Release|Any CPU
		{9B02AFFB-392B-46D8-A75D-A0A5D521222C}.Release|Mixed Platforms.Build.0 = Release|Any CPU
		{9B02AFFB-392B-46D8-A75D-A0A5D521222C}.Release|x86.ActiveCfg = Release|Any CPU
		{3B0EB8B0-3B14-4D7E-B5E6-CFCB0364EF2B}.Debug|Any CPU.ActiveCfg = Debug|Any CPU
		{3B0EB8B0-3B14-4D7E-B5E6-CFCB0364EF2B}.Debug|Any CPU.Build.0 = Debug|Any CPU
		{3B0EB8B0-3B14-4D7E-B5E6-CFCB0364EF2B}.Debug|Mixed Platforms.ActiveCfg = Debug|Any CPU
		{3B0EB8B0-3B14-4D7E-B5E6-CFCB0364EF2B}.Debug|Mixed Platforms.Build.0 = Debug|Any CPU
		{3B0EB8B0-3B14-4D7E-B5E6-CFCB0364EF2B}.Debug|x86.ActiveCfg = Debug|Any CPU
		{3B0EB8B0-3B14-4D7E-B5E6-CFCB0364EF2B}.Release|Any CPU.ActiveCfg = Release|Any CPU
		{3B0EB8B0-3B14-4D7E-B5E6-CFCB0364EF2B}.Release|Any CPU.Build.0 = Release|Any CPU
		{3B0EB8B0-3B14-4D7E-B5E6-CFCB0364EF2B}.Release|Mixed Platforms.ActiveCfg = Release|Any CPU
		{3B0EB8B0-3B14-4D7E-B5E6-CFCB0364EF2B}.Release|Mixed Platforms.Build.0 = Release|Any CPU
		{3B0EB8B0-3B14-4D7E-B5E6-CFCB0364EF2B}.Release|x86.ActiveCfg = Release|Any CPU
		{87BD529F-5918-46D6-ABA3-8CAFBE404AD0}.Debug|Any CPU.ActiveCfg = Debug|Any CPU
		{87BD529F-5918-46D6-ABA3-8CAFBE404AD0}.Debug|Any CPU.Build.0 = Debug|Any CPU
		{87BD529F-5918-46D6-ABA3-8CAFBE404AD0}.Debug|Mixed Platforms.ActiveCfg = Debug|Any CPU
		{87BD529F-5918-46D6-ABA3-8CAFBE404AD0}.Debug|Mixed Platforms.Build.0 = Debug|Any CPU
		{87BD529F-5918-46D6-ABA3-8CAFBE404AD0}.Debug|x86.ActiveCfg = Debug|Any CPU
		{87BD529F-5918-46D6-ABA3-8CAFBE404AD0}.Release|Any CPU.ActiveCfg = Release|Any CPU
		{87BD529F-5918-46D6-ABA3-8CAFBE404AD0}.Release|Any CPU.Build.0 = Release|Any CPU
		{87BD529F-5918-46D6-ABA3-8CAFBE404AD0}.Release|Mixed Platforms.ActiveCfg = Release|Any CPU
		{87BD529F-5918-46D6-ABA3-8CAFBE404AD0}.Release|Mixed Platforms.Build.0 = Release|Any CPU
		{87BD529F-5918-46D6-ABA3-8CAFBE404AD0}.Release|x86.ActiveCfg = Release|Any CPU
		{23190B92-1F6D-429A-9876-821CA8E213CC}.Debug|Any CPU.ActiveCfg = Debug|Any CPU
		{23190B92-1F6D-429A-9876-821CA8E213CC}.Debug|Any CPU.Build.0 = Debug|Any CPU
		{23190B92-1F6D-429A-9876-821CA8E213CC}.Debug|Mixed Platforms.ActiveCfg = Debug|Any CPU
		{23190B92-1F6D-429A-9876-821CA8E213CC}.Debug|Mixed Platforms.Build.0 = Debug|Any CPU
		{23190B92-1F6D-429A-9876-821CA8E213CC}.Debug|x86.ActiveCfg = Debug|Any CPU
		{23190B92-1F6D-429A-9876-821CA8E213CC}.Release|Any CPU.ActiveCfg = Release|Any CPU
		{23190B92-1F6D-429A-9876-821CA8E213CC}.Release|Any CPU.Build.0 = Release|Any CPU
		{23190B92-1F6D-429A-9876-821CA8E213CC}.Release|Mixed Platforms.ActiveCfg = Release|Any CPU
		{23190B92-1F6D-429A-9876-821CA8E213CC}.Release|Mixed Platforms.Build.0 = Release|Any CPU
		{23190B92-1F6D-429A-9876-821CA8E213CC}.Release|x86.ActiveCfg = Release|Any CPU
		{93777CAD-211A-42F8-BE08-A3EFC8FF8E1E}.Debug|Any CPU.ActiveCfg = Debug|x86
		{93777CAD-211A-42F8-BE08-A3EFC8FF8E1E}.Debug|Mixed Platforms.ActiveCfg = Debug|x86
		{93777CAD-211A-42F8-BE08-A3EFC8FF8E1E}.Debug|Mixed Platforms.Build.0 = Debug|x86
		{93777CAD-211A-42F8-BE08-A3EFC8FF8E1E}.Debug|x86.ActiveCfg = Debug|x86
		{93777CAD-211A-42F8-BE08-A3EFC8FF8E1E}.Debug|x86.Build.0 = Debug|x86
		{93777CAD-211A-42F8-BE08-A3EFC8FF8E1E}.Release|Any CPU.ActiveCfg = Release|x86
		{93777CAD-211A-42F8-BE08-A3EFC8FF8E1E}.Release|Mixed Platforms.ActiveCfg = Release|x86
		{93777CAD-211A-42F8-BE08-A3EFC8FF8E1E}.Release|Mixed Platforms.Build.0 = Release|x86
		{93777CAD-211A-42F8-BE08-A3EFC8FF8E1E}.Release|x86.ActiveCfg = Release|x86
		{93777CAD-211A-42F8-BE08-A3EFC8FF8E1E}.Release|x86.Build.0 = Release|x86
		{AD3324CA-2044-4C68-BE5D-CCB63AD12897}.Debug|Any CPU.ActiveCfg = Debug|Any CPU
		{AD3324CA-2044-4C68-BE5D-CCB63AD12897}.Debug|Any CPU.Build.0 = Debug|Any CPU
		{AD3324CA-2044-4C68-BE5D-CCB63AD12897}.Debug|Mixed Platforms.ActiveCfg = Debug|Any CPU
		{AD3324CA-2044-4C68-BE5D-CCB63AD12897}.Debug|Mixed Platforms.Build.0 = Debug|Any CPU
		{AD3324CA-2044-4C68-BE5D-CCB63AD12897}.Debug|x86.ActiveCfg = Debug|Any CPU
		{AD3324CA-2044-4C68-BE5D-CCB63AD12897}.Release|Any CPU.ActiveCfg = Release|Any CPU
		{AD3324CA-2044-4C68-BE5D-CCB63AD12897}.Release|Any CPU.Build.0 = Release|Any CPU
		{AD3324CA-2044-4C68-BE5D-CCB63AD12897}.Release|Mixed Platforms.ActiveCfg = Release|Any CPU
		{AD3324CA-2044-4C68-BE5D-CCB63AD12897}.Release|Mixed Platforms.Build.0 = Release|Any CPU
		{AD3324CA-2044-4C68-BE5D-CCB63AD12897}.Release|x86.ActiveCfg = Release|Any CPU
		{E5C5FBB2-88D1-4DC3-AE3A-4CA4E3E4C75E}.Debug|Any CPU.ActiveCfg = Debug|Any CPU
		{E5C5FBB2-88D1-4DC3-AE3A-4CA4E3E4C75E}.Debug|Any CPU.Build.0 = Debug|Any CPU
		{E5C5FBB2-88D1-4DC3-AE3A-4CA4E3E4C75E}.Debug|Mixed Platforms.ActiveCfg = Debug|Any CPU
		{E5C5FBB2-88D1-4DC3-AE3A-4CA4E3E4C75E}.Debug|Mixed Platforms.Build.0 = Debug|Any CPU
		{E5C5FBB2-88D1-4DC3-AE3A-4CA4E3E4C75E}.Debug|x86.ActiveCfg = Debug|Any CPU
		{E5C5FBB2-88D1-4DC3-AE3A-4CA4E3E4C75E}.Release|Any CPU.ActiveCfg = Release|Any CPU
		{E5C5FBB2-88D1-4DC3-AE3A-4CA4E3E4C75E}.Release|Any CPU.Build.0 = Release|Any CPU
		{E5C5FBB2-88D1-4DC3-AE3A-4CA4E3E4C75E}.Release|Mixed Platforms.ActiveCfg = Release|Any CPU
		{E5C5FBB2-88D1-4DC3-AE3A-4CA4E3E4C75E}.Release|Mixed Platforms.Build.0 = Release|Any CPU
		{E5C5FBB2-88D1-4DC3-AE3A-4CA4E3E4C75E}.Release|x86.ActiveCfg = Release|Any CPU
		{0FAB8214-EFD2-43A2-9A93-4C79D3E7EE2D}.Debug|Any CPU.ActiveCfg = Debug|Any CPU
		{0FAB8214-EFD2-43A2-9A93-4C79D3E7EE2D}.Debug|Any CPU.Build.0 = Debug|Any CPU
		{0FAB8214-EFD2-43A2-9A93-4C79D3E7EE2D}.Debug|Mixed Platforms.ActiveCfg = Debug|Any CPU
		{0FAB8214-EFD2-43A2-9A93-4C79D3E7EE2D}.Debug|Mixed Platforms.Build.0 = Debug|Any CPU
		{0FAB8214-EFD2-43A2-9A93-4C79D3E7EE2D}.Debug|x86.ActiveCfg = Debug|Any CPU
		{0FAB8214-EFD2-43A2-9A93-4C79D3E7EE2D}.Release|Any CPU.ActiveCfg = Release|Any CPU
		{0FAB8214-EFD2-43A2-9A93-4C79D3E7EE2D}.Release|Any CPU.Build.0 = Release|Any CPU
		{0FAB8214-EFD2-43A2-9A93-4C79D3E7EE2D}.Release|Mixed Platforms.ActiveCfg = Release|Any CPU
		{0FAB8214-EFD2-43A2-9A93-4C79D3E7EE2D}.Release|Mixed Platforms.Build.0 = Release|Any CPU
		{0FAB8214-EFD2-43A2-9A93-4C79D3E7EE2D}.Release|x86.ActiveCfg = Release|Any CPU
		{B1B5A625-8C49-48E1-87C7-63CF76FC4A1D}.Debug|Any CPU.ActiveCfg = Debug|Any CPU
		{B1B5A625-8C49-48E1-87C7-63CF76FC4A1D}.Debug|Any CPU.Build.0 = Debug|Any CPU
		{B1B5A625-8C49-48E1-87C7-63CF76FC4A1D}.Debug|Mixed Platforms.ActiveCfg = Debug|Any CPU
		{B1B5A625-8C49-48E1-87C7-63CF76FC4A1D}.Debug|Mixed Platforms.Build.0 = Debug|Any CPU
		{B1B5A625-8C49-48E1-87C7-63CF76FC4A1D}.Debug|x86.ActiveCfg = Debug|Any CPU
		{B1B5A625-8C49-48E1-87C7-63CF76FC4A1D}.Release|Any CPU.ActiveCfg = Release|Any CPU
		{B1B5A625-8C49-48E1-87C7-63CF76FC4A1D}.Release|Any CPU.Build.0 = Release|Any CPU
		{B1B5A625-8C49-48E1-87C7-63CF76FC4A1D}.Release|Mixed Platforms.ActiveCfg = Release|Any CPU
		{B1B5A625-8C49-48E1-87C7-63CF76FC4A1D}.Release|Mixed Platforms.Build.0 = Release|Any CPU
		{B1B5A625-8C49-48E1-87C7-63CF76FC4A1D}.Release|x86.ActiveCfg = Release|Any CPU
		{EBCBF920-A03A-431F-A6ED-40210A37228E}.Debug|Any CPU.ActiveCfg = Debug|Any CPU
		{EBCBF920-A03A-431F-A6ED-40210A37228E}.Debug|Any CPU.Build.0 = Debug|Any CPU
		{EBCBF920-A03A-431F-A6ED-40210A37228E}.Debug|Mixed Platforms.ActiveCfg = Debug|Any CPU
		{EBCBF920-A03A-431F-A6ED-40210A37228E}.Debug|Mixed Platforms.Build.0 = Debug|Any CPU
		{EBCBF920-A03A-431F-A6ED-40210A37228E}.Debug|x86.ActiveCfg = Debug|Any CPU
		{EBCBF920-A03A-431F-A6ED-40210A37228E}.Release|Any CPU.ActiveCfg = Release|Any CPU
		{EBCBF920-A03A-431F-A6ED-40210A37228E}.Release|Any CPU.Build.0 = Release|Any CPU
		{EBCBF920-A03A-431F-A6ED-40210A37228E}.Release|Mixed Platforms.ActiveCfg = Release|Any CPU
		{EBCBF920-A03A-431F-A6ED-40210A37228E}.Release|Mixed Platforms.Build.0 = Release|Any CPU
		{EBCBF920-A03A-431F-A6ED-40210A37228E}.Release|x86.ActiveCfg = Release|Any CPU
		{B54C9C64-F5B1-4E8B-8F4E-D269FBD9CEF2}.Debug|Any CPU.ActiveCfg = Debug|Any CPU
		{B54C9C64-F5B1-4E8B-8F4E-D269FBD9CEF2}.Debug|Any CPU.Build.0 = Debug|Any CPU
		{B54C9C64-F5B1-4E8B-8F4E-D269FBD9CEF2}.Debug|Mixed Platforms.ActiveCfg = Debug|Any CPU
		{B54C9C64-F5B1-4E8B-8F4E-D269FBD9CEF2}.Debug|Mixed Platforms.Build.0 = Debug|Any CPU
		{B54C9C64-F5B1-4E8B-8F4E-D269FBD9CEF2}.Debug|x86.ActiveCfg = Debug|Any CPU
		{B54C9C64-F5B1-4E8B-8F4E-D269FBD9CEF2}.Release|Any CPU.ActiveCfg = Release|Any CPU
		{B54C9C64-F5B1-4E8B-8F4E-D269FBD9CEF2}.Release|Any CPU.Build.0 = Release|Any CPU
		{B54C9C64-F5B1-4E8B-8F4E-D269FBD9CEF2}.Release|Mixed Platforms.ActiveCfg = Release|Any CPU
		{B54C9C64-F5B1-4E8B-8F4E-D269FBD9CEF2}.Release|Mixed Platforms.Build.0 = Release|Any CPU
		{B54C9C64-F5B1-4E8B-8F4E-D269FBD9CEF2}.Release|x86.ActiveCfg = Release|Any CPU
		{1572D91A-33F5-43F4-9E7B-8CC2A25414BB}.Debug|Any CPU.ActiveCfg = Debug|Any CPU
		{1572D91A-33F5-43F4-9E7B-8CC2A25414BB}.Debug|Any CPU.Build.0 = Debug|Any CPU
		{1572D91A-33F5-43F4-9E7B-8CC2A25414BB}.Debug|Mixed Platforms.ActiveCfg = Debug|Any CPU
		{1572D91A-33F5-43F4-9E7B-8CC2A25414BB}.Debug|Mixed Platforms.Build.0 = Debug|Any CPU
		{1572D91A-33F5-43F4-9E7B-8CC2A25414BB}.Debug|x86.ActiveCfg = Debug|Any CPU
		{1572D91A-33F5-43F4-9E7B-8CC2A25414BB}.Release|Any CPU.ActiveCfg = Release|Any CPU
		{1572D91A-33F5-43F4-9E7B-8CC2A25414BB}.Release|Any CPU.Build.0 = Release|Any CPU
		{1572D91A-33F5-43F4-9E7B-8CC2A25414BB}.Release|Mixed Platforms.ActiveCfg = Release|Any CPU
		{1572D91A-33F5-43F4-9E7B-8CC2A25414BB}.Release|Mixed Platforms.Build.0 = Release|Any CPU
		{1572D91A-33F5-43F4-9E7B-8CC2A25414BB}.Release|x86.ActiveCfg = Release|Any CPU
		{52A069CD-0EEC-45DA-AE66-B0B9BB58B1BF}.Debug|Any CPU.ActiveCfg = Debug|Any CPU
		{52A069CD-0EEC-45DA-AE66-B0B9BB58B1BF}.Debug|Any CPU.Build.0 = Debug|Any CPU
		{52A069CD-0EEC-45DA-AE66-B0B9BB58B1BF}.Debug|Mixed Platforms.ActiveCfg = Debug|Any CPU
		{52A069CD-0EEC-45DA-AE66-B0B9BB58B1BF}.Debug|Mixed Platforms.Build.0 = Debug|Any CPU
		{52A069CD-0EEC-45DA-AE66-B0B9BB58B1BF}.Debug|x86.ActiveCfg = Debug|Any CPU
		{52A069CD-0EEC-45DA-AE66-B0B9BB58B1BF}.Release|Any CPU.ActiveCfg = Release|Any CPU
		{52A069CD-0EEC-45DA-AE66-B0B9BB58B1BF}.Release|Any CPU.Build.0 = Release|Any CPU
		{52A069CD-0EEC-45DA-AE66-B0B9BB58B1BF}.Release|Mixed Platforms.ActiveCfg = Release|Any CPU
		{52A069CD-0EEC-45DA-AE66-B0B9BB58B1BF}.Release|Mixed Platforms.Build.0 = Release|Any CPU
		{52A069CD-0EEC-45DA-AE66-B0B9BB58B1BF}.Release|x86.ActiveCfg = Release|Any CPU
		{C7F5FC1D-6DF4-4D84-AB01-FD76A8687C7A}.Debug|Any CPU.ActiveCfg = Debug|Any CPU
		{C7F5FC1D-6DF4-4D84-AB01-FD76A8687C7A}.Debug|Any CPU.Build.0 = Debug|Any CPU
		{C7F5FC1D-6DF4-4D84-AB01-FD76A8687C7A}.Debug|Mixed Platforms.ActiveCfg = Debug|Any CPU
		{C7F5FC1D-6DF4-4D84-AB01-FD76A8687C7A}.Debug|Mixed Platforms.Build.0 = Debug|Any CPU
		{C7F5FC1D-6DF4-4D84-AB01-FD76A8687C7A}.Debug|x86.ActiveCfg = Debug|Any CPU
		{C7F5FC1D-6DF4-4D84-AB01-FD76A8687C7A}.Release|Any CPU.ActiveCfg = Release|Any CPU
		{C7F5FC1D-6DF4-4D84-AB01-FD76A8687C7A}.Release|Any CPU.Build.0 = Release|Any CPU
		{C7F5FC1D-6DF4-4D84-AB01-FD76A8687C7A}.Release|Mixed Platforms.ActiveCfg = Release|Any CPU
		{C7F5FC1D-6DF4-4D84-AB01-FD76A8687C7A}.Release|Mixed Platforms.Build.0 = Release|Any CPU
		{C7F5FC1D-6DF4-4D84-AB01-FD76A8687C7A}.Release|x86.ActiveCfg = Release|Any CPU
		{A3BC906D-3187-4973-A18C-167D481DE0D5}.Debug|Any CPU.ActiveCfg = Debug|Any CPU
		{A3BC906D-3187-4973-A18C-167D481DE0D5}.Debug|Any CPU.Build.0 = Debug|Any CPU
		{A3BC906D-3187-4973-A18C-167D481DE0D5}.Debug|Mixed Platforms.ActiveCfg = Debug|Any CPU
		{A3BC906D-3187-4973-A18C-167D481DE0D5}.Debug|Mixed Platforms.Build.0 = Debug|Any CPU
		{A3BC906D-3187-4973-A18C-167D481DE0D5}.Debug|x86.ActiveCfg = Debug|Any CPU
		{A3BC906D-3187-4973-A18C-167D481DE0D5}.Release|Any CPU.ActiveCfg = Release|Any CPU
		{A3BC906D-3187-4973-A18C-167D481DE0D5}.Release|Any CPU.Build.0 = Release|Any CPU
		{A3BC906D-3187-4973-A18C-167D481DE0D5}.Release|Mixed Platforms.ActiveCfg = Release|Any CPU
		{A3BC906D-3187-4973-A18C-167D481DE0D5}.Release|Mixed Platforms.Build.0 = Release|Any CPU
		{A3BC906D-3187-4973-A18C-167D481DE0D5}.Release|x86.ActiveCfg = Release|Any CPU
		{48BDAF13-427E-43E7-AF7D-5DD3C7FB69CB}.Debug|Any CPU.ActiveCfg = Debug|Any CPU
		{48BDAF13-427E-43E7-AF7D-5DD3C7FB69CB}.Debug|Any CPU.Build.0 = Debug|Any CPU
		{48BDAF13-427E-43E7-AF7D-5DD3C7FB69CB}.Debug|Mixed Platforms.ActiveCfg = Debug|Any CPU
		{48BDAF13-427E-43E7-AF7D-5DD3C7FB69CB}.Debug|Mixed Platforms.Build.0 = Debug|Any CPU
		{48BDAF13-427E-43E7-AF7D-5DD3C7FB69CB}.Debug|x86.ActiveCfg = Debug|Any CPU
		{48BDAF13-427E-43E7-AF7D-5DD3C7FB69CB}.Release|Any CPU.ActiveCfg = Release|Any CPU
		{48BDAF13-427E-43E7-AF7D-5DD3C7FB69CB}.Release|Any CPU.Build.0 = Release|Any CPU
		{48BDAF13-427E-43E7-AF7D-5DD3C7FB69CB}.Release|Mixed Platforms.ActiveCfg = Release|Any CPU
		{48BDAF13-427E-43E7-AF7D-5DD3C7FB69CB}.Release|Mixed Platforms.Build.0 = Release|Any CPU
		{48BDAF13-427E-43E7-AF7D-5DD3C7FB69CB}.Release|x86.ActiveCfg = Release|Any CPU
		{66E2832C-8594-4DDD-A710-247DC381F4F2}.Debug|Any CPU.ActiveCfg = Debug|x86
		{66E2832C-8594-4DDD-A710-247DC381F4F2}.Debug|Mixed Platforms.ActiveCfg = Debug|x86
		{66E2832C-8594-4DDD-A710-247DC381F4F2}.Debug|Mixed Platforms.Build.0 = Debug|x86
		{66E2832C-8594-4DDD-A710-247DC381F4F2}.Debug|x86.ActiveCfg = Debug|x86
		{66E2832C-8594-4DDD-A710-247DC381F4F2}.Debug|x86.Build.0 = Debug|x86
		{66E2832C-8594-4DDD-A710-247DC381F4F2}.Release|Any CPU.ActiveCfg = Release|x86
		{66E2832C-8594-4DDD-A710-247DC381F4F2}.Release|Mixed Platforms.ActiveCfg = Release|x86
		{66E2832C-8594-4DDD-A710-247DC381F4F2}.Release|Mixed Platforms.Build.0 = Release|x86
		{66E2832C-8594-4DDD-A710-247DC381F4F2}.Release|x86.ActiveCfg = Release|x86
		{66E2832C-8594-4DDD-A710-247DC381F4F2}.Release|x86.Build.0 = Release|x86
		{7D3F0524-0FF1-45D8-A83F-746544E30B5F}.Debug|Any CPU.ActiveCfg = Debug|Any CPU
		{7D3F0524-0FF1-45D8-A83F-746544E30B5F}.Debug|Any CPU.Build.0 = Debug|Any CPU
		{7D3F0524-0FF1-45D8-A83F-746544E30B5F}.Debug|Mixed Platforms.ActiveCfg = Debug|Any CPU
		{7D3F0524-0FF1-45D8-A83F-746544E30B5F}.Debug|Mixed Platforms.Build.0 = Debug|Any CPU
		{7D3F0524-0FF1-45D8-A83F-746544E30B5F}.Debug|x86.ActiveCfg = Debug|Any CPU
		{7D3F0524-0FF1-45D8-A83F-746544E30B5F}.Release|Any CPU.ActiveCfg = Release|Any CPU
		{7D3F0524-0FF1-45D8-A83F-746544E30B5F}.Release|Any CPU.Build.0 = Release|Any CPU
		{7D3F0524-0FF1-45D8-A83F-746544E30B5F}.Release|Mixed Platforms.ActiveCfg = Release|Any CPU
		{7D3F0524-0FF1-45D8-A83F-746544E30B5F}.Release|Mixed Platforms.Build.0 = Release|Any CPU
		{7D3F0524-0FF1-45D8-A83F-746544E30B5F}.Release|x86.ActiveCfg = Release|Any CPU
		{1EEC2AF2-BA48-4ED8-84D6-09A7BB6A657B}.Debug|Any CPU.ActiveCfg = Debug|Any CPU
		{1EEC2AF2-BA48-4ED8-84D6-09A7BB6A657B}.Debug|Any CPU.Build.0 = Debug|Any CPU
		{1EEC2AF2-BA48-4ED8-84D6-09A7BB6A657B}.Debug|Mixed Platforms.ActiveCfg = Debug|Any CPU
		{1EEC2AF2-BA48-4ED8-84D6-09A7BB6A657B}.Debug|Mixed Platforms.Build.0 = Debug|Any CPU
		{1EEC2AF2-BA48-4ED8-84D6-09A7BB6A657B}.Debug|x86.ActiveCfg = Debug|Any CPU
		{1EEC2AF2-BA48-4ED8-84D6-09A7BB6A657B}.Release|Any CPU.ActiveCfg = Release|Any CPU
		{1EEC2AF2-BA48-4ED8-84D6-09A7BB6A657B}.Release|Any CPU.Build.0 = Release|Any CPU
		{1EEC2AF2-BA48-4ED8-84D6-09A7BB6A657B}.Release|Mixed Platforms.ActiveCfg = Release|Any CPU
		{1EEC2AF2-BA48-4ED8-84D6-09A7BB6A657B}.Release|Mixed Platforms.Build.0 = Release|Any CPU
		{1EEC2AF2-BA48-4ED8-84D6-09A7BB6A657B}.Release|x86.ActiveCfg = Release|Any CPU
		{C8EA26FD-1BD6-409C-8B0D-0086F7F03D98}.Debug|Any CPU.ActiveCfg = Debug|Any CPU
		{C8EA26FD-1BD6-409C-8B0D-0086F7F03D98}.Debug|Any CPU.Build.0 = Debug|Any CPU
		{C8EA26FD-1BD6-409C-8B0D-0086F7F03D98}.Debug|Mixed Platforms.ActiveCfg = Debug|Any CPU
		{C8EA26FD-1BD6-409C-8B0D-0086F7F03D98}.Debug|Mixed Platforms.Build.0 = Debug|Any CPU
		{C8EA26FD-1BD6-409C-8B0D-0086F7F03D98}.Debug|x86.ActiveCfg = Debug|Any CPU
		{C8EA26FD-1BD6-409C-8B0D-0086F7F03D98}.Release|Any CPU.ActiveCfg = Release|Any CPU
		{C8EA26FD-1BD6-409C-8B0D-0086F7F03D98}.Release|Any CPU.Build.0 = Release|Any CPU
		{C8EA26FD-1BD6-409C-8B0D-0086F7F03D98}.Release|Mixed Platforms.ActiveCfg = Release|Any CPU
		{C8EA26FD-1BD6-409C-8B0D-0086F7F03D98}.Release|Mixed Platforms.Build.0 = Release|Any CPU
		{C8EA26FD-1BD6-409C-8B0D-0086F7F03D98}.Release|x86.ActiveCfg = Release|Any CPU
		{2FF9C39B-CDFC-4024-962A-AB8EE0613316}.Debug|Any CPU.ActiveCfg = Debug|Any CPU
		{2FF9C39B-CDFC-4024-962A-AB8EE0613316}.Debug|Any CPU.Build.0 = Debug|Any CPU
		{2FF9C39B-CDFC-4024-962A-AB8EE0613316}.Debug|Mixed Platforms.ActiveCfg = Debug|Any CPU
		{2FF9C39B-CDFC-4024-962A-AB8EE0613316}.Debug|Mixed Platforms.Build.0 = Debug|Any CPU
		{2FF9C39B-CDFC-4024-962A-AB8EE0613316}.Debug|x86.ActiveCfg = Debug|Any CPU
		{2FF9C39B-CDFC-4024-962A-AB8EE0613316}.Release|Any CPU.ActiveCfg = Release|Any CPU
		{2FF9C39B-CDFC-4024-962A-AB8EE0613316}.Release|Any CPU.Build.0 = Release|Any CPU
		{2FF9C39B-CDFC-4024-962A-AB8EE0613316}.Release|Mixed Platforms.ActiveCfg = Release|Any CPU
		{2FF9C39B-CDFC-4024-962A-AB8EE0613316}.Release|Mixed Platforms.Build.0 = Release|Any CPU
		{2FF9C39B-CDFC-4024-962A-AB8EE0613316}.Release|x86.ActiveCfg = Release|Any CPU
		{EE7D6E2D-0BDE-474A-9D55-793BAB74B85B}.Debug|Any CPU.ActiveCfg = Debug|Any CPU
		{EE7D6E2D-0BDE-474A-9D55-793BAB74B85B}.Debug|Any CPU.Build.0 = Debug|Any CPU
		{EE7D6E2D-0BDE-474A-9D55-793BAB74B85B}.Debug|Mixed Platforms.ActiveCfg = Debug|Any CPU
		{EE7D6E2D-0BDE-474A-9D55-793BAB74B85B}.Debug|Mixed Platforms.Build.0 = Debug|Any CPU
		{EE7D6E2D-0BDE-474A-9D55-793BAB74B85B}.Debug|x86.ActiveCfg = Debug|Any CPU
		{EE7D6E2D-0BDE-474A-9D55-793BAB74B85B}.Release|Any CPU.ActiveCfg = Release|Any CPU
		{EE7D6E2D-0BDE-474A-9D55-793BAB74B85B}.Release|Any CPU.Build.0 = Release|Any CPU
		{EE7D6E2D-0BDE-474A-9D55-793BAB74B85B}.Release|Mixed Platforms.ActiveCfg = Release|Any CPU
		{EE7D6E2D-0BDE-474A-9D55-793BAB74B85B}.Release|Mixed Platforms.Build.0 = Release|Any CPU
		{EE7D6E2D-0BDE-474A-9D55-793BAB74B85B}.Release|x86.ActiveCfg = Release|Any CPU
		{A1B6BD0C-0B9D-438D-8E7D-BF0BCB001673}.Debug|Any CPU.ActiveCfg = Debug|Any CPU
		{A1B6BD0C-0B9D-438D-8E7D-BF0BCB001673}.Debug|Any CPU.Build.0 = Debug|Any CPU
		{A1B6BD0C-0B9D-438D-8E7D-BF0BCB001673}.Debug|Mixed Platforms.ActiveCfg = Debug|Any CPU
		{A1B6BD0C-0B9D-438D-8E7D-BF0BCB001673}.Debug|Mixed Platforms.Build.0 = Debug|Any CPU
		{A1B6BD0C-0B9D-438D-8E7D-BF0BCB001673}.Debug|x86.ActiveCfg = Debug|Any CPU
		{A1B6BD0C-0B9D-438D-8E7D-BF0BCB001673}.Release|Any CPU.ActiveCfg = Release|Any CPU
		{A1B6BD0C-0B9D-438D-8E7D-BF0BCB001673}.Release|Any CPU.Build.0 = Release|Any CPU
		{A1B6BD0C-0B9D-438D-8E7D-BF0BCB001673}.Release|Mixed Platforms.ActiveCfg = Release|Any CPU
		{A1B6BD0C-0B9D-438D-8E7D-BF0BCB001673}.Release|Mixed Platforms.Build.0 = Release|Any CPU
		{A1B6BD0C-0B9D-438D-8E7D-BF0BCB001673}.Release|x86.ActiveCfg = Release|Any CPU
		{A7D6509E-2F8E-4B69-A5A5-BC3E65A6ECA7}.Debug|Any CPU.ActiveCfg = Debug|Any CPU
		{A7D6509E-2F8E-4B69-A5A5-BC3E65A6ECA7}.Debug|Any CPU.Build.0 = Debug|Any CPU
		{A7D6509E-2F8E-4B69-A5A5-BC3E65A6ECA7}.Debug|Mixed Platforms.ActiveCfg = Debug|Any CPU
		{A7D6509E-2F8E-4B69-A5A5-BC3E65A6ECA7}.Debug|Mixed Platforms.Build.0 = Debug|Any CPU
		{A7D6509E-2F8E-4B69-A5A5-BC3E65A6ECA7}.Debug|x86.ActiveCfg = Debug|Any CPU
		{A7D6509E-2F8E-4B69-A5A5-BC3E65A6ECA7}.Release|Any CPU.ActiveCfg = Release|Any CPU
		{A7D6509E-2F8E-4B69-A5A5-BC3E65A6ECA7}.Release|Any CPU.Build.0 = Release|Any CPU
		{A7D6509E-2F8E-4B69-A5A5-BC3E65A6ECA7}.Release|Mixed Platforms.ActiveCfg = Release|Any CPU
		{A7D6509E-2F8E-4B69-A5A5-BC3E65A6ECA7}.Release|Mixed Platforms.Build.0 = Release|Any CPU
		{A7D6509E-2F8E-4B69-A5A5-BC3E65A6ECA7}.Release|x86.ActiveCfg = Release|Any CPU
		{9E733EBD-792E-4A82-80D8-13F4ADCC0F96}.Debug|Any CPU.ActiveCfg = Debug|Any CPU
		{9E733EBD-792E-4A82-80D8-13F4ADCC0F96}.Debug|Any CPU.Build.0 = Debug|Any CPU
		{9E733EBD-792E-4A82-80D8-13F4ADCC0F96}.Debug|Mixed Platforms.ActiveCfg = Debug|Any CPU
		{9E733EBD-792E-4A82-80D8-13F4ADCC0F96}.Debug|Mixed Platforms.Build.0 = Debug|Any CPU
		{9E733EBD-792E-4A82-80D8-13F4ADCC0F96}.Debug|x86.ActiveCfg = Debug|Any CPU
		{9E733EBD-792E-4A82-80D8-13F4ADCC0F96}.Release|Any CPU.ActiveCfg = Release|Any CPU
		{9E733EBD-792E-4A82-80D8-13F4ADCC0F96}.Release|Any CPU.Build.0 = Release|Any CPU
		{9E733EBD-792E-4A82-80D8-13F4ADCC0F96}.Release|Mixed Platforms.ActiveCfg = Release|Any CPU
		{9E733EBD-792E-4A82-80D8-13F4ADCC0F96}.Release|Mixed Platforms.Build.0 = Release|Any CPU
		{9E733EBD-792E-4A82-80D8-13F4ADCC0F96}.Release|x86.ActiveCfg = Release|Any CPU
		{5E44092B-811F-4C16-9FF9-CF5CCBA1ABA9}.Debug|Any CPU.ActiveCfg = Debug|Any CPU
		{5E44092B-811F-4C16-9FF9-CF5CCBA1ABA9}.Debug|Any CPU.Build.0 = Debug|Any CPU
		{5E44092B-811F-4C16-9FF9-CF5CCBA1ABA9}.Debug|Mixed Platforms.ActiveCfg = Debug|Any CPU
		{5E44092B-811F-4C16-9FF9-CF5CCBA1ABA9}.Debug|Mixed Platforms.Build.0 = Debug|Any CPU
		{5E44092B-811F-4C16-9FF9-CF5CCBA1ABA9}.Debug|x86.ActiveCfg = Debug|Any CPU
		{5E44092B-811F-4C16-9FF9-CF5CCBA1ABA9}.Release|Any CPU.ActiveCfg = Release|Any CPU
		{5E44092B-811F-4C16-9FF9-CF5CCBA1ABA9}.Release|Any CPU.Build.0 = Release|Any CPU
		{5E44092B-811F-4C16-9FF9-CF5CCBA1ABA9}.Release|Mixed Platforms.ActiveCfg = Release|Any CPU
		{5E44092B-811F-4C16-9FF9-CF5CCBA1ABA9}.Release|Mixed Platforms.Build.0 = Release|Any CPU
		{5E44092B-811F-4C16-9FF9-CF5CCBA1ABA9}.Release|x86.ActiveCfg = Release|Any CPU
		{47A2310F-B8BF-4DB8-B145-BA412083331B}.Debug|Any CPU.ActiveCfg = Debug|Any CPU
		{47A2310F-B8BF-4DB8-B145-BA412083331B}.Debug|Any CPU.Build.0 = Debug|Any CPU
		{47A2310F-B8BF-4DB8-B145-BA412083331B}.Debug|Mixed Platforms.ActiveCfg = Debug|Any CPU
		{47A2310F-B8BF-4DB8-B145-BA412083331B}.Debug|Mixed Platforms.Build.0 = Debug|Any CPU
		{47A2310F-B8BF-4DB8-B145-BA412083331B}.Debug|x86.ActiveCfg = Debug|Any CPU
		{47A2310F-B8BF-4DB8-B145-BA412083331B}.Release|Any CPU.ActiveCfg = Release|Any CPU
		{47A2310F-B8BF-4DB8-B145-BA412083331B}.Release|Any CPU.Build.0 = Release|Any CPU
		{47A2310F-B8BF-4DB8-B145-BA412083331B}.Release|Mixed Platforms.ActiveCfg = Release|Any CPU
		{47A2310F-B8BF-4DB8-B145-BA412083331B}.Release|Mixed Platforms.Build.0 = Release|Any CPU
		{47A2310F-B8BF-4DB8-B145-BA412083331B}.Release|x86.ActiveCfg = Release|Any CPU
		{F305C5D2-75FA-4A55-8E8D-37AF191791C0}.Debug|Any CPU.ActiveCfg = Debug|Any CPU
		{F305C5D2-75FA-4A55-8E8D-37AF191791C0}.Debug|Any CPU.Build.0 = Debug|Any CPU
		{F305C5D2-75FA-4A55-8E8D-37AF191791C0}.Debug|Mixed Platforms.ActiveCfg = Debug|Any CPU
		{F305C5D2-75FA-4A55-8E8D-37AF191791C0}.Debug|Mixed Platforms.Build.0 = Debug|Any CPU
		{F305C5D2-75FA-4A55-8E8D-37AF191791C0}.Debug|x86.ActiveCfg = Debug|Any CPU
		{F305C5D2-75FA-4A55-8E8D-37AF191791C0}.Release|Any CPU.ActiveCfg = Release|Any CPU
		{F305C5D2-75FA-4A55-8E8D-37AF191791C0}.Release|Any CPU.Build.0 = Release|Any CPU
		{F305C5D2-75FA-4A55-8E8D-37AF191791C0}.Release|Mixed Platforms.ActiveCfg = Release|Any CPU
		{F305C5D2-75FA-4A55-8E8D-37AF191791C0}.Release|Mixed Platforms.Build.0 = Release|Any CPU
		{F305C5D2-75FA-4A55-8E8D-37AF191791C0}.Release|x86.ActiveCfg = Release|Any CPU
		{910E1E5F-3DFF-4C11-9212-DFD0EAC391E4}.Debug|Any CPU.ActiveCfg = Debug|Any CPU
		{910E1E5F-3DFF-4C11-9212-DFD0EAC391E4}.Debug|Any CPU.Build.0 = Debug|Any CPU
		{910E1E5F-3DFF-4C11-9212-DFD0EAC391E4}.Debug|Mixed Platforms.ActiveCfg = Debug|Any CPU
		{910E1E5F-3DFF-4C11-9212-DFD0EAC391E4}.Debug|Mixed Platforms.Build.0 = Debug|Any CPU
		{910E1E5F-3DFF-4C11-9212-DFD0EAC391E4}.Debug|x86.ActiveCfg = Debug|Any CPU
		{910E1E5F-3DFF-4C11-9212-DFD0EAC391E4}.Release|Any CPU.ActiveCfg = Release|Any CPU
		{910E1E5F-3DFF-4C11-9212-DFD0EAC391E4}.Release|Any CPU.Build.0 = Release|Any CPU
		{910E1E5F-3DFF-4C11-9212-DFD0EAC391E4}.Release|Mixed Platforms.ActiveCfg = Release|Any CPU
		{910E1E5F-3DFF-4C11-9212-DFD0EAC391E4}.Release|Mixed Platforms.Build.0 = Release|Any CPU
		{910E1E5F-3DFF-4C11-9212-DFD0EAC391E4}.Release|x86.ActiveCfg = Release|Any CPU
		{AED6057E-6C5C-4EFA-912A-07C2FE6D86E0}.Debug|Any CPU.ActiveCfg = Debug|Any CPU
		{AED6057E-6C5C-4EFA-912A-07C2FE6D86E0}.Debug|Any CPU.Build.0 = Debug|Any CPU
		{AED6057E-6C5C-4EFA-912A-07C2FE6D86E0}.Debug|Mixed Platforms.ActiveCfg = Debug|Any CPU
		{AED6057E-6C5C-4EFA-912A-07C2FE6D86E0}.Debug|Mixed Platforms.Build.0 = Debug|Any CPU
		{AED6057E-6C5C-4EFA-912A-07C2FE6D86E0}.Debug|x86.ActiveCfg = Debug|Any CPU
		{AED6057E-6C5C-4EFA-912A-07C2FE6D86E0}.Release|Any CPU.ActiveCfg = Release|Any CPU
		{AED6057E-6C5C-4EFA-912A-07C2FE6D86E0}.Release|Any CPU.Build.0 = Release|Any CPU
		{AED6057E-6C5C-4EFA-912A-07C2FE6D86E0}.Release|Mixed Platforms.ActiveCfg = Release|Any CPU
		{AED6057E-6C5C-4EFA-912A-07C2FE6D86E0}.Release|Mixed Platforms.Build.0 = Release|Any CPU
		{AED6057E-6C5C-4EFA-912A-07C2FE6D86E0}.Release|x86.ActiveCfg = Release|Any CPU
		{63C2B28E-FAD5-46B5-BB4E-854BC5A1C47C}.Debug|Any CPU.ActiveCfg = Debug|Any CPU
		{63C2B28E-FAD5-46B5-BB4E-854BC5A1C47C}.Debug|Any CPU.Build.0 = Debug|Any CPU
		{63C2B28E-FAD5-46B5-BB4E-854BC5A1C47C}.Debug|Mixed Platforms.ActiveCfg = Debug|Any CPU
		{63C2B28E-FAD5-46B5-BB4E-854BC5A1C47C}.Debug|Mixed Platforms.Build.0 = Debug|Any CPU
		{63C2B28E-FAD5-46B5-BB4E-854BC5A1C47C}.Debug|x86.ActiveCfg = Debug|Any CPU
		{63C2B28E-FAD5-46B5-BB4E-854BC5A1C47C}.Release|Any CPU.ActiveCfg = Release|Any CPU
		{63C2B28E-FAD5-46B5-BB4E-854BC5A1C47C}.Release|Any CPU.Build.0 = Release|Any CPU
		{63C2B28E-FAD5-46B5-BB4E-854BC5A1C47C}.Release|Mixed Platforms.ActiveCfg = Release|Any CPU
		{63C2B28E-FAD5-46B5-BB4E-854BC5A1C47C}.Release|Mixed Platforms.Build.0 = Release|Any CPU
		{63C2B28E-FAD5-46B5-BB4E-854BC5A1C47C}.Release|x86.ActiveCfg = Release|Any CPU
		{C2015087-D806-4835-8BCA-D7224843BA93}.Debug|Any CPU.ActiveCfg = Debug|Any CPU
		{C2015087-D806-4835-8BCA-D7224843BA93}.Debug|Any CPU.Build.0 = Debug|Any CPU
		{C2015087-D806-4835-8BCA-D7224843BA93}.Debug|Mixed Platforms.ActiveCfg = Debug|Any CPU
		{C2015087-D806-4835-8BCA-D7224843BA93}.Debug|Mixed Platforms.Build.0 = Debug|Any CPU
		{C2015087-D806-4835-8BCA-D7224843BA93}.Debug|x86.ActiveCfg = Debug|Any CPU
		{C2015087-D806-4835-8BCA-D7224843BA93}.Release|Any CPU.ActiveCfg = Release|Any CPU
		{C2015087-D806-4835-8BCA-D7224843BA93}.Release|Any CPU.Build.0 = Release|Any CPU
		{C2015087-D806-4835-8BCA-D7224843BA93}.Release|Mixed Platforms.ActiveCfg = Release|Any CPU
		{C2015087-D806-4835-8BCA-D7224843BA93}.Release|Mixed Platforms.Build.0 = Release|Any CPU
		{C2015087-D806-4835-8BCA-D7224843BA93}.Release|x86.ActiveCfg = Release|Any CPU
		{BF6286CA-6AD4-497D-A109-5179E45F8DB1}.Debug|Any CPU.ActiveCfg = Debug|Any CPU
		{BF6286CA-6AD4-497D-A109-5179E45F8DB1}.Debug|Any CPU.Build.0 = Debug|Any CPU
		{BF6286CA-6AD4-497D-A109-5179E45F8DB1}.Debug|Mixed Platforms.ActiveCfg = Debug|Any CPU
		{BF6286CA-6AD4-497D-A109-5179E45F8DB1}.Debug|Mixed Platforms.Build.0 = Debug|Any CPU
		{BF6286CA-6AD4-497D-A109-5179E45F8DB1}.Debug|x86.ActiveCfg = Debug|Any CPU
		{BF6286CA-6AD4-497D-A109-5179E45F8DB1}.Release|Any CPU.ActiveCfg = Release|Any CPU
		{BF6286CA-6AD4-497D-A109-5179E45F8DB1}.Release|Any CPU.Build.0 = Release|Any CPU
		{BF6286CA-6AD4-497D-A109-5179E45F8DB1}.Release|Mixed Platforms.ActiveCfg = Release|Any CPU
		{BF6286CA-6AD4-497D-A109-5179E45F8DB1}.Release|Mixed Platforms.Build.0 = Release|Any CPU
		{BF6286CA-6AD4-497D-A109-5179E45F8DB1}.Release|x86.ActiveCfg = Release|Any CPU
		{DE83730E-04AD-4391-9EB9-74D6A2960179}.Debug|Any CPU.ActiveCfg = Debug|Any CPU
		{DE83730E-04AD-4391-9EB9-74D6A2960179}.Debug|Any CPU.Build.0 = Debug|Any CPU
		{DE83730E-04AD-4391-9EB9-74D6A2960179}.Debug|Mixed Platforms.ActiveCfg = Debug|Any CPU
		{DE83730E-04AD-4391-9EB9-74D6A2960179}.Debug|Mixed Platforms.Build.0 = Debug|Any CPU
		{DE83730E-04AD-4391-9EB9-74D6A2960179}.Debug|x86.ActiveCfg = Debug|Any CPU
		{DE83730E-04AD-4391-9EB9-74D6A2960179}.Release|Any CPU.ActiveCfg = Release|Any CPU
		{DE83730E-04AD-4391-9EB9-74D6A2960179}.Release|Any CPU.Build.0 = Release|Any CPU
		{DE83730E-04AD-4391-9EB9-74D6A2960179}.Release|Mixed Platforms.ActiveCfg = Release|Any CPU
		{DE83730E-04AD-4391-9EB9-74D6A2960179}.Release|Mixed Platforms.Build.0 = Release|Any CPU
		{DE83730E-04AD-4391-9EB9-74D6A2960179}.Release|x86.ActiveCfg = Release|Any CPU
		{48017860-9E82-45FC-B702-2EA0951F7DE8}.Debug|Any CPU.ActiveCfg = Debug|x86
		{48017860-9E82-45FC-B702-2EA0951F7DE8}.Debug|Mixed Platforms.ActiveCfg = Debug|x86
		{48017860-9E82-45FC-B702-2EA0951F7DE8}.Debug|Mixed Platforms.Build.0 = Debug|x86
		{48017860-9E82-45FC-B702-2EA0951F7DE8}.Debug|x86.ActiveCfg = Debug|x86
		{48017860-9E82-45FC-B702-2EA0951F7DE8}.Debug|x86.Build.0 = Debug|x86
		{48017860-9E82-45FC-B702-2EA0951F7DE8}.Release|Any CPU.ActiveCfg = Release|x86
		{48017860-9E82-45FC-B702-2EA0951F7DE8}.Release|Mixed Platforms.ActiveCfg = Release|x86
		{48017860-9E82-45FC-B702-2EA0951F7DE8}.Release|Mixed Platforms.Build.0 = Release|x86
		{48017860-9E82-45FC-B702-2EA0951F7DE8}.Release|x86.ActiveCfg = Release|x86
		{48017860-9E82-45FC-B702-2EA0951F7DE8}.Release|x86.Build.0 = Release|x86
		{87134A09-6832-4C77-9CAE-01E9F1AABBCF}.Debug|Any CPU.ActiveCfg = Debug|Any CPU
		{87134A09-6832-4C77-9CAE-01E9F1AABBCF}.Debug|Any CPU.Build.0 = Debug|Any CPU
		{87134A09-6832-4C77-9CAE-01E9F1AABBCF}.Debug|Mixed Platforms.ActiveCfg = Debug|Any CPU
		{87134A09-6832-4C77-9CAE-01E9F1AABBCF}.Debug|Mixed Platforms.Build.0 = Debug|Any CPU
		{87134A09-6832-4C77-9CAE-01E9F1AABBCF}.Debug|x86.ActiveCfg = Debug|Any CPU
		{87134A09-6832-4C77-9CAE-01E9F1AABBCF}.Release|Any CPU.ActiveCfg = Release|Any CPU
		{87134A09-6832-4C77-9CAE-01E9F1AABBCF}.Release|Any CPU.Build.0 = Release|Any CPU
		{87134A09-6832-4C77-9CAE-01E9F1AABBCF}.Release|Mixed Platforms.ActiveCfg = Release|Any CPU
		{87134A09-6832-4C77-9CAE-01E9F1AABBCF}.Release|Mixed Platforms.Build.0 = Release|Any CPU
		{87134A09-6832-4C77-9CAE-01E9F1AABBCF}.Release|x86.ActiveCfg = Release|Any CPU
		{DB1DA1D7-44B1-4F02-9CA1-D97FA57D1FB5}.Debug|Any CPU.ActiveCfg = Debug|Any CPU
		{DB1DA1D7-44B1-4F02-9CA1-D97FA57D1FB5}.Debug|Any CPU.Build.0 = Debug|Any CPU
		{DB1DA1D7-44B1-4F02-9CA1-D97FA57D1FB5}.Debug|Mixed Platforms.ActiveCfg = Debug|Any CPU
		{DB1DA1D7-44B1-4F02-9CA1-D97FA57D1FB5}.Debug|Mixed Platforms.Build.0 = Debug|Any CPU
		{DB1DA1D7-44B1-4F02-9CA1-D97FA57D1FB5}.Debug|x86.ActiveCfg = Debug|Any CPU
		{DB1DA1D7-44B1-4F02-9CA1-D97FA57D1FB5}.Release|Any CPU.ActiveCfg = Release|Any CPU
		{DB1DA1D7-44B1-4F02-9CA1-D97FA57D1FB5}.Release|Any CPU.Build.0 = Release|Any CPU
		{DB1DA1D7-44B1-4F02-9CA1-D97FA57D1FB5}.Release|Mixed Platforms.ActiveCfg = Release|Any CPU
		{DB1DA1D7-44B1-4F02-9CA1-D97FA57D1FB5}.Release|Mixed Platforms.Build.0 = Release|Any CPU
		{DB1DA1D7-44B1-4F02-9CA1-D97FA57D1FB5}.Release|x86.ActiveCfg = Release|Any CPU
		{8F6A88E6-2314-4785-8BD6-08E319A8009F}.Debug|Any CPU.ActiveCfg = Debug|x86
		{8F6A88E6-2314-4785-8BD6-08E319A8009F}.Debug|Mixed Platforms.ActiveCfg = Debug|x86
		{8F6A88E6-2314-4785-8BD6-08E319A8009F}.Debug|Mixed Platforms.Build.0 = Debug|x86
		{8F6A88E6-2314-4785-8BD6-08E319A8009F}.Debug|x86.ActiveCfg = Debug|x86
		{8F6A88E6-2314-4785-8BD6-08E319A8009F}.Debug|x86.Build.0 = Debug|x86
		{8F6A88E6-2314-4785-8BD6-08E319A8009F}.Release|Any CPU.ActiveCfg = Release|x86
		{8F6A88E6-2314-4785-8BD6-08E319A8009F}.Release|Mixed Platforms.ActiveCfg = Release|x86
		{8F6A88E6-2314-4785-8BD6-08E319A8009F}.Release|Mixed Platforms.Build.0 = Release|x86
		{8F6A88E6-2314-4785-8BD6-08E319A8009F}.Release|x86.ActiveCfg = Release|x86
		{8F6A88E6-2314-4785-8BD6-08E319A8009F}.Release|x86.Build.0 = Release|x86
		{D27B4024-D4B4-44F8-9CF8-877A9D20F4BD}.Debug|Any CPU.ActiveCfg = Debug|Any CPU
		{D27B4024-D4B4-44F8-9CF8-877A9D20F4BD}.Debug|Any CPU.Build.0 = Debug|Any CPU
		{D27B4024-D4B4-44F8-9CF8-877A9D20F4BD}.Debug|Mixed Platforms.ActiveCfg = Debug|Any CPU
		{D27B4024-D4B4-44F8-9CF8-877A9D20F4BD}.Debug|Mixed Platforms.Build.0 = Debug|Any CPU
		{D27B4024-D4B4-44F8-9CF8-877A9D20F4BD}.Debug|x86.ActiveCfg = Debug|Any CPU
		{D27B4024-D4B4-44F8-9CF8-877A9D20F4BD}.Release|Any CPU.ActiveCfg = Release|Any CPU
		{D27B4024-D4B4-44F8-9CF8-877A9D20F4BD}.Release|Any CPU.Build.0 = Release|Any CPU
		{D27B4024-D4B4-44F8-9CF8-877A9D20F4BD}.Release|Mixed Platforms.ActiveCfg = Release|Any CPU
		{D27B4024-D4B4-44F8-9CF8-877A9D20F4BD}.Release|Mixed Platforms.Build.0 = Release|Any CPU
		{D27B4024-D4B4-44F8-9CF8-877A9D20F4BD}.Release|x86.ActiveCfg = Release|Any CPU
		{A46B8BE5-1D8B-4582-B42B-A33886C66838}.Debug|Any CPU.ActiveCfg = Debug|Any CPU
		{A46B8BE5-1D8B-4582-B42B-A33886C66838}.Debug|Any CPU.Build.0 = Debug|Any CPU
		{A46B8BE5-1D8B-4582-B42B-A33886C66838}.Debug|Mixed Platforms.ActiveCfg = Debug|Any CPU
		{A46B8BE5-1D8B-4582-B42B-A33886C66838}.Debug|Mixed Platforms.Build.0 = Debug|Any CPU
		{A46B8BE5-1D8B-4582-B42B-A33886C66838}.Debug|x86.ActiveCfg = Debug|Any CPU
		{A46B8BE5-1D8B-4582-B42B-A33886C66838}.Release|Any CPU.ActiveCfg = Release|Any CPU
		{A46B8BE5-1D8B-4582-B42B-A33886C66838}.Release|Any CPU.Build.0 = Release|Any CPU
		{A46B8BE5-1D8B-4582-B42B-A33886C66838}.Release|Mixed Platforms.ActiveCfg = Release|Any CPU
		{A46B8BE5-1D8B-4582-B42B-A33886C66838}.Release|Mixed Platforms.Build.0 = Release|Any CPU
		{A46B8BE5-1D8B-4582-B42B-A33886C66838}.Release|x86.ActiveCfg = Release|Any CPU
		{5E8C87E8-EE9D-4694-9B8D-D8886281A056}.Debug|Any CPU.ActiveCfg = Debug|Any CPU
		{5E8C87E8-EE9D-4694-9B8D-D8886281A056}.Debug|Any CPU.Build.0 = Debug|Any CPU
		{5E8C87E8-EE9D-4694-9B8D-D8886281A056}.Debug|Mixed Platforms.ActiveCfg = Debug|Any CPU
		{5E8C87E8-EE9D-4694-9B8D-D8886281A056}.Debug|Mixed Platforms.Build.0 = Debug|Any CPU
		{5E8C87E8-EE9D-4694-9B8D-D8886281A056}.Debug|x86.ActiveCfg = Debug|Any CPU
		{5E8C87E8-EE9D-4694-9B8D-D8886281A056}.Release|Any CPU.ActiveCfg = Release|Any CPU
		{5E8C87E8-EE9D-4694-9B8D-D8886281A056}.Release|Any CPU.Build.0 = Release|Any CPU
		{5E8C87E8-EE9D-4694-9B8D-D8886281A056}.Release|Mixed Platforms.ActiveCfg = Release|Any CPU
		{5E8C87E8-EE9D-4694-9B8D-D8886281A056}.Release|Mixed Platforms.Build.0 = Release|Any CPU
		{5E8C87E8-EE9D-4694-9B8D-D8886281A056}.Release|x86.ActiveCfg = Release|Any CPU
		{CC41FC6A-9F23-4644-AF8E-271C5459CBE8}.Debug|Any CPU.ActiveCfg = Debug|Any CPU
		{CC41FC6A-9F23-4644-AF8E-271C5459CBE8}.Debug|Any CPU.Build.0 = Debug|Any CPU
		{CC41FC6A-9F23-4644-AF8E-271C5459CBE8}.Debug|Mixed Platforms.ActiveCfg = Debug|Any CPU
		{CC41FC6A-9F23-4644-AF8E-271C5459CBE8}.Debug|Mixed Platforms.Build.0 = Debug|Any CPU
		{CC41FC6A-9F23-4644-AF8E-271C5459CBE8}.Debug|x86.ActiveCfg = Debug|Any CPU
		{CC41FC6A-9F23-4644-AF8E-271C5459CBE8}.Release|Any CPU.ActiveCfg = Release|Any CPU
		{CC41FC6A-9F23-4644-AF8E-271C5459CBE8}.Release|Any CPU.Build.0 = Release|Any CPU
		{CC41FC6A-9F23-4644-AF8E-271C5459CBE8}.Release|Mixed Platforms.ActiveCfg = Release|Any CPU
		{CC41FC6A-9F23-4644-AF8E-271C5459CBE8}.Release|Mixed Platforms.Build.0 = Release|Any CPU
		{CC41FC6A-9F23-4644-AF8E-271C5459CBE8}.Release|x86.ActiveCfg = Release|Any CPU
		{DC27135A-382E-4E79-AF94-FA70A0315FCC}.Debug|Any CPU.ActiveCfg = Debug|Any CPU
		{DC27135A-382E-4E79-AF94-FA70A0315FCC}.Debug|Any CPU.Build.0 = Debug|Any CPU
		{DC27135A-382E-4E79-AF94-FA70A0315FCC}.Debug|Mixed Platforms.ActiveCfg = Debug|Any CPU
		{DC27135A-382E-4E79-AF94-FA70A0315FCC}.Debug|Mixed Platforms.Build.0 = Debug|Any CPU
		{DC27135A-382E-4E79-AF94-FA70A0315FCC}.Debug|x86.ActiveCfg = Debug|Any CPU
		{DC27135A-382E-4E79-AF94-FA70A0315FCC}.Release|Any CPU.ActiveCfg = Release|Any CPU
		{DC27135A-382E-4E79-AF94-FA70A0315FCC}.Release|Any CPU.Build.0 = Release|Any CPU
		{DC27135A-382E-4E79-AF94-FA70A0315FCC}.Release|Mixed Platforms.ActiveCfg = Release|Any CPU
		{DC27135A-382E-4E79-AF94-FA70A0315FCC}.Release|Mixed Platforms.Build.0 = Release|Any CPU
		{DC27135A-382E-4E79-AF94-FA70A0315FCC}.Release|x86.ActiveCfg = Release|Any CPU
		{373A2555-8BBC-48F6-9C70-AE8753E8F103}.Debug|Any CPU.ActiveCfg = Debug|Any CPU
		{373A2555-8BBC-48F6-9C70-AE8753E8F103}.Debug|Any CPU.Build.0 = Debug|Any CPU
		{373A2555-8BBC-48F6-9C70-AE8753E8F103}.Debug|Mixed Platforms.ActiveCfg = Debug|Any CPU
		{373A2555-8BBC-48F6-9C70-AE8753E8F103}.Debug|Mixed Platforms.Build.0 = Debug|Any CPU
		{373A2555-8BBC-48F6-9C70-AE8753E8F103}.Debug|x86.ActiveCfg = Debug|Any CPU
		{373A2555-8BBC-48F6-9C70-AE8753E8F103}.Release|Any CPU.ActiveCfg = Release|Any CPU
		{373A2555-8BBC-48F6-9C70-AE8753E8F103}.Release|Any CPU.Build.0 = Release|Any CPU
		{373A2555-8BBC-48F6-9C70-AE8753E8F103}.Release|Mixed Platforms.ActiveCfg = Release|Any CPU
		{373A2555-8BBC-48F6-9C70-AE8753E8F103}.Release|Mixed Platforms.Build.0 = Release|Any CPU
		{373A2555-8BBC-48F6-9C70-AE8753E8F103}.Release|x86.ActiveCfg = Release|Any CPU
		{831A1A12-2345-4D40-8935-B3F412D9753E}.Debug|Any CPU.ActiveCfg = Debug|Any CPU
		{831A1A12-2345-4D40-8935-B3F412D9753E}.Debug|Any CPU.Build.0 = Debug|Any CPU
		{831A1A12-2345-4D40-8935-B3F412D9753E}.Debug|Mixed Platforms.ActiveCfg = Debug|Any CPU
		{831A1A12-2345-4D40-8935-B3F412D9753E}.Debug|Mixed Platforms.Build.0 = Debug|Any CPU
		{831A1A12-2345-4D40-8935-B3F412D9753E}.Debug|x86.ActiveCfg = Debug|Any CPU
		{831A1A12-2345-4D40-8935-B3F412D9753E}.Release|Any CPU.ActiveCfg = Release|Any CPU
		{831A1A12-2345-4D40-8935-B3F412D9753E}.Release|Any CPU.Build.0 = Release|Any CPU
		{831A1A12-2345-4D40-8935-B3F412D9753E}.Release|Mixed Platforms.ActiveCfg = Release|Any CPU
		{831A1A12-2345-4D40-8935-B3F412D9753E}.Release|Mixed Platforms.Build.0 = Release|Any CPU
		{831A1A12-2345-4D40-8935-B3F412D9753E}.Release|x86.ActiveCfg = Release|Any CPU
		{2F9920B4-706B-4E6B-B2C5-A6CCA9878462}.Debug|Any CPU.ActiveCfg = Debug|Any CPU
		{2F9920B4-706B-4E6B-B2C5-A6CCA9878462}.Debug|Any CPU.Build.0 = Debug|Any CPU
		{2F9920B4-706B-4E6B-B2C5-A6CCA9878462}.Debug|Mixed Platforms.ActiveCfg = Debug|Any CPU
		{2F9920B4-706B-4E6B-B2C5-A6CCA9878462}.Debug|Mixed Platforms.Build.0 = Debug|Any CPU
		{2F9920B4-706B-4E6B-B2C5-A6CCA9878462}.Debug|x86.ActiveCfg = Debug|Any CPU
		{2F9920B4-706B-4E6B-B2C5-A6CCA9878462}.Release|Any CPU.ActiveCfg = Release|Any CPU
		{2F9920B4-706B-4E6B-B2C5-A6CCA9878462}.Release|Any CPU.Build.0 = Release|Any CPU
		{2F9920B4-706B-4E6B-B2C5-A6CCA9878462}.Release|Mixed Platforms.ActiveCfg = Release|Any CPU
		{2F9920B4-706B-4E6B-B2C5-A6CCA9878462}.Release|Mixed Platforms.Build.0 = Release|Any CPU
		{2F9920B4-706B-4E6B-B2C5-A6CCA9878462}.Release|x86.ActiveCfg = Release|Any CPU
		{912B482F-C891-42E6-BF35-F4524AC859CE}.Debug|Any CPU.ActiveCfg = Debug|Any CPU
		{912B482F-C891-42E6-BF35-F4524AC859CE}.Debug|Any CPU.Build.0 = Debug|Any CPU
		{912B482F-C891-42E6-BF35-F4524AC859CE}.Debug|Mixed Platforms.ActiveCfg = Debug|Any CPU
		{912B482F-C891-42E6-BF35-F4524AC859CE}.Debug|Mixed Platforms.Build.0 = Debug|Any CPU
		{912B482F-C891-42E6-BF35-F4524AC859CE}.Debug|x86.ActiveCfg = Debug|Any CPU
		{912B482F-C891-42E6-BF35-F4524AC859CE}.Release|Any CPU.ActiveCfg = Release|Any CPU
		{912B482F-C891-42E6-BF35-F4524AC859CE}.Release|Any CPU.Build.0 = Release|Any CPU
		{912B482F-C891-42E6-BF35-F4524AC859CE}.Release|Mixed Platforms.ActiveCfg = Release|Any CPU
		{912B482F-C891-42E6-BF35-F4524AC859CE}.Release|Mixed Platforms.Build.0 = Release|Any CPU
		{912B482F-C891-42E6-BF35-F4524AC859CE}.Release|x86.ActiveCfg = Release|Any CPU
		{BF5D6FD8-4EEB-4A56-A5C0-7439C4B128D3}.Debug|Any CPU.ActiveCfg = Debug|Any CPU
		{BF5D6FD8-4EEB-4A56-A5C0-7439C4B128D3}.Debug|Any CPU.Build.0 = Debug|Any CPU
		{BF5D6FD8-4EEB-4A56-A5C0-7439C4B128D3}.Debug|Mixed Platforms.ActiveCfg = Debug|Any CPU
		{BF5D6FD8-4EEB-4A56-A5C0-7439C4B128D3}.Debug|Mixed Platforms.Build.0 = Debug|Any CPU
		{BF5D6FD8-4EEB-4A56-A5C0-7439C4B128D3}.Debug|x86.ActiveCfg = Debug|Any CPU
		{BF5D6FD8-4EEB-4A56-A5C0-7439C4B128D3}.Release|Any CPU.ActiveCfg = Release|Any CPU
		{BF5D6FD8-4EEB-4A56-A5C0-7439C4B128D3}.Release|Any CPU.Build.0 = Release|Any CPU
		{BF5D6FD8-4EEB-4A56-A5C0-7439C4B128D3}.Release|Mixed Platforms.ActiveCfg = Release|Any CPU
		{BF5D6FD8-4EEB-4A56-A5C0-7439C4B128D3}.Release|Mixed Platforms.Build.0 = Release|Any CPU
		{BF5D6FD8-4EEB-4A56-A5C0-7439C4B128D3}.Release|x86.ActiveCfg = Release|Any CPU
		{E244A9A4-C89F-4834-A5F4-F5B97F915309}.Debug|Any CPU.ActiveCfg = Debug|x86
		{E244A9A4-C89F-4834-A5F4-F5B97F915309}.Debug|Mixed Platforms.ActiveCfg = Debug|x86
		{E244A9A4-C89F-4834-A5F4-F5B97F915309}.Debug|Mixed Platforms.Build.0 = Debug|x86
		{E244A9A4-C89F-4834-A5F4-F5B97F915309}.Debug|x86.ActiveCfg = Debug|x86
		{E244A9A4-C89F-4834-A5F4-F5B97F915309}.Debug|x86.Build.0 = Debug|x86
		{E244A9A4-C89F-4834-A5F4-F5B97F915309}.Release|Any CPU.ActiveCfg = Release|x86
		{E244A9A4-C89F-4834-A5F4-F5B97F915309}.Release|Mixed Platforms.ActiveCfg = Release|x86
		{E244A9A4-C89F-4834-A5F4-F5B97F915309}.Release|Mixed Platforms.Build.0 = Release|x86
		{E244A9A4-C89F-4834-A5F4-F5B97F915309}.Release|x86.ActiveCfg = Release|x86
		{E244A9A4-C89F-4834-A5F4-F5B97F915309}.Release|x86.Build.0 = Release|x86
		{EACFC4A8-015D-4400-9C3F-629F15FD443A}.Debug|Any CPU.ActiveCfg = Debug|Any CPU
		{EACFC4A8-015D-4400-9C3F-629F15FD443A}.Debug|Any CPU.Build.0 = Debug|Any CPU
		{EACFC4A8-015D-4400-9C3F-629F15FD443A}.Debug|Mixed Platforms.ActiveCfg = Debug|Any CPU
		{EACFC4A8-015D-4400-9C3F-629F15FD443A}.Debug|Mixed Platforms.Build.0 = Debug|Any CPU
		{EACFC4A8-015D-4400-9C3F-629F15FD443A}.Debug|x86.ActiveCfg = Debug|Any CPU
		{EACFC4A8-015D-4400-9C3F-629F15FD443A}.Release|Any CPU.ActiveCfg = Release|Any CPU
		{EACFC4A8-015D-4400-9C3F-629F15FD443A}.Release|Any CPU.Build.0 = Release|Any CPU
		{EACFC4A8-015D-4400-9C3F-629F15FD443A}.Release|Mixed Platforms.ActiveCfg = Release|Any CPU
		{EACFC4A8-015D-4400-9C3F-629F15FD443A}.Release|Mixed Platforms.Build.0 = Release|Any CPU
		{EACFC4A8-015D-4400-9C3F-629F15FD443A}.Release|x86.ActiveCfg = Release|Any CPU
		{3EA3B900-4446-4E93-AF85-90CD261D40D1}.Debug|Any CPU.ActiveCfg = Debug|Any CPU
		{3EA3B900-4446-4E93-AF85-90CD261D40D1}.Debug|Any CPU.Build.0 = Debug|Any CPU
		{3EA3B900-4446-4E93-AF85-90CD261D40D1}.Debug|Mixed Platforms.ActiveCfg = Debug|Any CPU
		{3EA3B900-4446-4E93-AF85-90CD261D40D1}.Debug|Mixed Platforms.Build.0 = Debug|Any CPU
		{3EA3B900-4446-4E93-AF85-90CD261D40D1}.Debug|x86.ActiveCfg = Debug|Any CPU
		{3EA3B900-4446-4E93-AF85-90CD261D40D1}.Release|Any CPU.ActiveCfg = Release|Any CPU
		{3EA3B900-4446-4E93-AF85-90CD261D40D1}.Release|Any CPU.Build.0 = Release|Any CPU
		{3EA3B900-4446-4E93-AF85-90CD261D40D1}.Release|Mixed Platforms.ActiveCfg = Release|Any CPU
		{3EA3B900-4446-4E93-AF85-90CD261D40D1}.Release|Mixed Platforms.Build.0 = Release|Any CPU
		{3EA3B900-4446-4E93-AF85-90CD261D40D1}.Release|x86.ActiveCfg = Release|Any CPU
	EndGlobalSection
	GlobalSection(SolutionProperties) = preSolution
		HideSolutionNode = FALSE
	EndGlobalSection
	GlobalSection(NestedProjects) = preSolution
		{932FBA21-A64E-4388-9900-7CC8A7AC3429} = {24CF28EA-76A4-43E7-A990-52F376EDB606}
		{C8EA26FD-1BD6-409C-8B0D-0086F7F03D98} = {24CF28EA-76A4-43E7-A990-52F376EDB606}
		{2FF9C39B-CDFC-4024-962A-AB8EE0613316} = {24CF28EA-76A4-43E7-A990-52F376EDB606}
		{EE7D6E2D-0BDE-474A-9D55-793BAB74B85B} = {24CF28EA-76A4-43E7-A990-52F376EDB606}
		{A1B6BD0C-0B9D-438D-8E7D-BF0BCB001673} = {24CF28EA-76A4-43E7-A990-52F376EDB606}
		{A7D6509E-2F8E-4B69-A5A5-BC3E65A6ECA7} = {1CC14151-A887-456C-BD2E-C7E5D735058C}
		{9E733EBD-792E-4A82-80D8-13F4ADCC0F96} = {24CF28EA-76A4-43E7-A990-52F376EDB606}
		{5E44092B-811F-4C16-9FF9-CF5CCBA1ABA9} = {932FBA21-A64E-4388-9900-7CC8A7AC3429}
		{47A2310F-B8BF-4DB8-B145-BA412083331B} = {932FBA21-A64E-4388-9900-7CC8A7AC3429}
		{F305C5D2-75FA-4A55-8E8D-37AF191791C0} = {932FBA21-A64E-4388-9900-7CC8A7AC3429}
	EndGlobalSection
	GlobalSection(SubversionScc) = preSolution
		Svn-Managed = True
		Manager = AnkhSVN - Subversion Support for Visual Studio
	EndGlobalSection
EndGlobal
